// !$*UTF8*$!
{
	archiveVersion = 1;
	classes = {
	};
	objectVersion = 46;
	objects = {

/* Begin PBXBuildFile section */
		50F0BD121BC580AE0058F4A5 /* main.m in Sources */ = {isa = PBXBuildFile; fileRef = 50F0BD111BC580AE0058F4A5 /* main.m */; };
		50F0BD151BC580AE0058F4A5 /* AppDelegate.m in Sources */ = {isa = PBXBuildFile; fileRef = 50F0BD141BC580AE0058F4A5 /* AppDelegate.m */; };
		50F0BD181BC580AE0058F4A5 /* ViewController.m in Sources */ = {isa = PBXBuildFile; fileRef = 50F0BD171BC580AE0058F4A5 /* ViewController.m */; };
		50F0BD1B1BC580AE0058F4A5 /* Main.storyboard in Resources */ = {isa = PBXBuildFile; fileRef = 50F0BD191BC580AE0058F4A5 /* Main.storyboard */; };
		50F0BD1D1BC580AE0058F4A5 /* Assets.xcassets in Resources */ = {isa = PBXBuildFile; fileRef = 50F0BD1C1BC580AE0058F4A5 /* Assets.xcassets */; };
		50F0BD201BC580AE0058F4A5 /* LaunchScreen.storyboard in Resources */ = {isa = PBXBuildFile; fileRef = 50F0BD1E1BC580AE0058F4A5 /* LaunchScreen.storyboard */; };
		50F0BD2A1BC581A80058F4A5 /* DetailsViewController.m in Sources */ = {isa = PBXBuildFile; fileRef = 50F0BD281BC581A80058F4A5 /* DetailsViewController.m */; settings = {ASSET_TAGS = (); }; };
		50F0BD2B1BC581A80058F4A5 /* DetailsViewController.xib in Resources */ = {isa = PBXBuildFile; fileRef = 50F0BD291BC581A80058F4A5 /* DetailsViewController.xib */; settings = {ASSET_TAGS = (); }; };
/* End PBXBuildFile section */

/* Begin PBXFileReference section */
		50F0BD0D1BC580AE0058F4A5 /* ActionSheetInPopover.app */ = {isa = PBXFileReference; explicitFileType = wrapper.application; includeInIndex = 0; path = ActionSheetInPopover.app; sourceTree = BUILT_PRODUCTS_DIR; };
		50F0BD111BC580AE0058F4A5 /* main.m */ = {isa = PBXFileReference; lastKnownFileType = sourcecode.c.objc; path = main.m; sourceTree = "<group>"; };
		50F0BD131BC580AE0058F4A5 /* AppDelegate.h */ = {isa = PBXFileReference; lastKnownFileType = sourcecode.c.h; path = AppDelegate.h; sourceTree = "<group>"; };
		50F0BD141BC580AE0058F4A5 /* AppDelegate.m */ = {isa = PBXFileReference; lastKnownFileType = sourcecode.c.objc; path = AppDelegate.m; sourceTree = "<group>"; };
		50F0BD161BC580AE0058F4A5 /* ViewController.h */ = {isa = PBXFileReference; lastKnownFileType = sourcecode.c.h; path = ViewController.h; sourceTree = "<group>"; };
		50F0BD171BC580AE0058F4A5 /* ViewController.m */ = {isa = PBXFileReference; lastKnownFileType = sourcecode.c.objc; path = ViewController.m; sourceTree = "<group>"; };
		50F0BD1A1BC580AE0058F4A5 /* Base */ = {isa = PBXFileReference; lastKnownFileType = file.storyboard; name = Base; path = Base.lproj/Main.storyboard; sourceTree = "<group>"; };
		50F0BD1C1BC580AE0058F4A5 /* Assets.xcassets */ = {isa = PBXFileReference; lastKnownFileType = folder.assetcatalog; path = Assets.xcassets; sourceTree = "<group>"; };
		50F0BD1F1BC580AE0058F4A5 /* Base */ = {isa = PBXFileReference; lastKnownFileType = file.storyboard; name = Base; path = Base.lproj/LaunchScreen.storyboard; sourceTree = "<group>"; };
		50F0BD211BC580AE0058F4A5 /* Info.plist */ = {isa = PBXFileReference; lastKnownFileType = text.plist.xml; path = Info.plist; sourceTree = "<group>"; };
		50F0BD271BC581A80058F4A5 /* DetailsViewController.h */ = {isa = PBXFileReference; fileEncoding = 4; lastKnownFileType = sourcecode.c.h; path = DetailsViewController.h; sourceTree = "<group>"; };
		50F0BD281BC581A80058F4A5 /* DetailsViewController.m */ = {isa = PBXFileReference; fileEncoding = 4; lastKnownFileType = sourcecode.c.objc; path = DetailsViewController.m; sourceTree = "<group>"; };
		50F0BD291BC581A80058F4A5 /* DetailsViewController.xib */ = {isa = PBXFileReference; fileEncoding = 4; lastKnownFileType = file.xib; path = DetailsViewController.xib; sourceTree = "<group>"; };
/* End PBXFileReference section */

/* Begin PBXFrameworksBuildPhase section */
		50F0BD0A1BC580AE0058F4A5 /* Frameworks */ = {
			isa = PBXFrameworksBuildPhase;
			buildActionMask = 2147483647;
			files = (
			);
			runOnlyForDeploymentPostprocessing = 0;
		};
/* End PBXFrameworksBuildPhase section */

/* Begin PBXGroup section */
		50F0BD041BC580AE0058F4A5 = {
			isa = PBXGroup;
			children = (
				50F0BD0F1BC580AE0058F4A5 /* ActionSheetInPopover */,
				50F0BD0E1BC580AE0058F4A5 /* Products */,
			);
			sourceTree = "<group>";
		};
		50F0BD0E1BC580AE0058F4A5 /* Products */ = {
			isa = PBXGroup;
			children = (
				50F0BD0D1BC580AE0058F4A5 /* ActionSheetInPopover.app */,
			);
			name = Products;
			sourceTree = "<group>";
		};
		50F0BD0F1BC580AE0058F4A5 /* ActionSheetInPopover */ = {
			isa = PBXGroup;
			children = (
				50F0BD131BC580AE0058F4A5 /* AppDelegate.h */,
				50F0BD141BC580AE0058F4A5 /* AppDelegate.m */,
				50F0BD161BC580AE0058F4A5 /* ViewController.h */,
				50F0BD171BC580AE0058F4A5 /* ViewController.m */,
				50F0BD191BC580AE0058F4A5 /* Main.storyboard */,
				50F0BD1C1BC580AE0058F4A5 /* Assets.xcassets */,
				50F0BD1E1BC580AE0058F4A5 /* LaunchScreen.storyboard */,
				50F0BD211BC580AE0058F4A5 /* Info.plist */,
				50F0BD101BC580AE0058F4A5 /* Supporting Files */,
				50F0BD271BC581A80058F4A5 /* DetailsViewController.h */,
				50F0BD281BC581A80058F4A5 /* DetailsViewController.m */,
				50F0BD291BC581A80058F4A5 /* DetailsViewController.xib */,
			);
			path = ActionSheetInPopover;
			sourceTree = "<group>";
		};
		50F0BD101BC580AE0058F4A5 /* Supporting Files */ = {
			isa = PBXGroup;
			children = (
				50F0BD111BC580AE0058F4A5 /* main.m */,
			);
			name = "Supporting Files";
			sourceTree = "<group>";
		};
/* End PBXGroup section */

/* Begin PBXNativeTarget section */
		50F0BD0C1BC580AE0058F4A5 /* ActionSheetInPopover */ = {
			isa = PBXNativeTarget;
			buildConfigurationList = 50F0BD241BC580AE0058F4A5 /* Build configuration list for PBXNativeTarget "ActionSheetInPopover" */;
			buildPhases = (
				50F0BD091BC580AE0058F4A5 /* Sources */,
				50F0BD0A1BC580AE0058F4A5 /* Frameworks */,
				50F0BD0B1BC580AE0058F4A5 /* Resources */,
			);
			buildRules = (
			);
			dependencies = (
			);
			name = ActionSheetInPopover;
			productName = ActionSheetInPopover;
			productReference = 50F0BD0D1BC580AE0058F4A5 /* ActionSheetInPopover.app */;
			productType = "com.apple.product-type.application";
		};
/* End PBXNativeTarget section */

/* Begin PBXProject section */
		50F0BD051BC580AE0058F4A5 /* Project object */ = {
			isa = PBXProject;
			attributes = {
				LastUpgradeCheck = 0700;
				ORGANIZATIONNAME = "Victor Ilyukevich";
				TargetAttributes = {
					50F0BD0C1BC580AE0058F4A5 = {
						CreatedOnToolsVersion = 7.0.1;
					};
				};
			};
			buildConfigurationList = 50F0BD081BC580AE0058F4A5 /* Build configuration list for PBXProject "ActionSheetInPopover" */;
			compatibilityVersion = "Xcode 3.2";
			developmentRegion = English;
			hasScannedForEncodings = 0;
			knownRegions = (
				en,
				Base,
			);
			mainGroup = 50F0BD041BC580AE0058F4A5;
			productRefGroup = 50F0BD0E1BC580AE0058F4A5 /* Products */;
			projectDirPath = "";
			projectRoot = "";
			targets = (
				50F0BD0C1BC580AE0058F4A5 /* ActionSheetInPopover */,
			);
		};
/* End PBXProject section */

/* Begin PBXResourcesBuildPhase section */
		50F0BD0B1BC580AE0058F4A5 /* Resources */ = {
			isa = PBXResourcesBuildPhase;
			buildActionMask = 2147483647;
			files = (
				50F0BD201BC580AE0058F4A5 /* LaunchScreen.storyboard in Resources */,
				50F0BD1D1BC580AE0058F4A5 /* Assets.xcassets in Resources */,
				50F0BD1B1BC580AE0058F4A5 /* Main.storyboard in Resources */,
				50F0BD2B1BC581A80058F4A5 /* DetailsViewController.xib in Resources */,
			);
			runOnlyForDeploymentPostprocessing = 0;
		};
/* End PBXResourcesBuildPhase section */

/* Begin PBXSourcesBuildPhase section */
		50F0BD091BC580AE0058F4A5 /* Sources */ = {
			isa = PBXSourcesBuildPhase;
			buildActionMask = 2147483647;
			files = (
				50F0BD181BC580AE0058F4A5 /* ViewController.m in Sources */,
				50F0BD151BC580AE0058F4A5 /* AppDelegate.m in Sources */,
				50F0BD121BC580AE0058F4A5 /* main.m in Sources */,
				50F0BD2A1BC581A80058F4A5 /* DetailsViewController.m in Sources */,
			);
			runOnlyForDeploymentPostprocessing = 0;
		};
/* End PBXSourcesBuildPhase section */

/* Begin PBXVariantGroup section */
		50F0BD191BC580AE0058F4A5 /* Main.storyboard */ = {
			isa = PBXVariantGroup;
			children = (
				50F0BD1A1BC580AE0058F4A5 /* Base */,
			);
			name = Main.storyboard;
			sourceTree = "<group>";
		};
		50F0BD1E1BC580AE0058F4A5 /* LaunchScreen.storyboard */ = {
			isa = PBXVariantGroup;
			children = (
				50F0BD1F1BC580AE0058F4A5 /* Base */,
			);
			name = LaunchScreen.storyboard;
			sourceTree = "<group>";
		};
/* End PBXVariantGroup section */

/* Begin XCBuildConfiguration section */
		50F0BD221BC580AE0058F4A5 /* Debug */ = {
			isa = XCBuildConfiguration;
			buildSettings = {
				ALWAYS_SEARCH_USER_PATHS = NO;
				CLANG_CXX_LANGUAGE_STANDARD = "gnu++0x";
				CLANG_CXX_LIBRARY = "libc++";
				CLANG_ENABLE_MODULES = YES;
				CLANG_ENABLE_OBJC_ARC = YES;
				CLANG_WARN_BOOL_CONVERSION = YES;
				CLANG_WARN_CONSTANT_CONVERSION = YES;
				CLANG_WARN_DIRECT_OBJC_ISA_USAGE = YES_ERROR;
				CLANG_WARN_EMPTY_BODY = YES;
				CLANG_WARN_ENUM_CONVERSION = YES;
				CLANG_WARN_INT_CONVERSION = YES;
				CLANG_WARN_OBJC_ROOT_CLASS = YES_ERROR;
				CLANG_WARN_UNREACHABLE_CODE = YES;
				CLANG_WARN__DUPLICATE_METHOD_MATCH = YES;
				"CODE_SIGN_IDENTITY[sdk=iphoneos*]" = "iPhone Developer";
				COPY_PHASE_STRIP = NO;
				DEBUG_INFORMATION_FORMAT = dwarf;
				ENABLE_STRICT_OBJC_MSGSEND = YES;
				ENABLE_TESTABILITY = YES;
				GCC_C_LANGUAGE_STANDARD = gnu99;
				GCC_DYNAMIC_NO_PIC = NO;
				GCC_NO_COMMON_BLOCKS = YES;
				GCC_OPTIMIZATION_LEVEL = 0;
				GCC_PREPROCESSOR_DEFINITIONS = (
					"DEBUG=1",
					"$(inherited)",
				);
				GCC_WARN_64_TO_32_BIT_CONVERSION = YES;
				GCC_WARN_ABOUT_RETURN_TYPE = YES_ERROR;
				GCC_WARN_UNDECLARED_SELECTOR = YES;
				GCC_WARN_UNINITIALIZED_AUTOS = YES_AGGRESSIVE;
				GCC_WARN_UNUSED_FUNCTION = YES;
				GCC_WARN_UNUSED_VARIABLE = YES;
				IPHONEOS_DEPLOYMENT_TARGET = 9.0;
				MTL_ENABLE_DEBUG_INFO = YES;
				ONLY_ACTIVE_ARCH = YES;
				SDKROOT = iphoneos;
				TARGETED_DEVICE_FAMILY = 2;
			};
			name = Debug;
		};
		50F0BD231BC580AE0058F4A5 /* Release */ = {
			isa = XCBuildConfiguration;
			buildSettings = {
				ALWAYS_SEARCH_USER_PATHS = NO;
				CLANG_CXX_LANGUAGE_STANDARD = "gnu++0x";
				CLANG_CXX_LIBRARY = "libc++";
				CLANG_ENABLE_MODULES = YES;
				CLANG_ENABLE_OBJC_ARC = YES;
				CLANG_WARN_BOOL_CONVERSION = YES;
				CLANG_WARN_CONSTANT_CONVERSION = YES;
				CLANG_WARN_DIRECT_OBJC_ISA_USAGE = YES_ERROR;
				CLANG_WARN_EMPTY_BODY = YES;
				CLANG_WARN_ENUM_CONVERSION = YES;
				CLANG_WARN_INT_CONVERSION = YES;
				CLANG_WARN_OBJC_ROOT_CLASS = YES_ERROR;
				CLANG_WARN_UNREACHABLE_CODE = YES;
				CLANG_WARN__DUPLICATE_METHOD_MATCH = YES;
				"CODE_SIGN_IDENTITY[sdk=iphoneos*]" = "iPhone Developer";
				COPY_PHASE_STRIP = NO;
				DEBUG_INFORMATION_FORMAT = "dwarf-with-dsym";
				ENABLE_NS_ASSERTIONS = NO;
				ENABLE_STRICT_OBJC_MSGSEND = YES;
				GCC_C_LANGUAGE_STANDARD = gnu99;
				GCC_NO_COMMON_BLOCKS = YES;
				GCC_WARN_64_TO_32_BIT_CONVERSION = YES;
				GCC_WARN_ABOUT_RETURN_TYPE = YES_ERROR;
				GCC_WARN_UNDECLARED_SELECTOR = YES;
				GCC_WARN_UNINITIALIZED_AUTOS = YES_AGGRESSIVE;
				GCC_WARN_UNUSED_FUNCTION = YES;
				GCC_WARN_UNUSED_VARIABLE = YES;
				IPHONEOS_DEPLOYMENT_TARGET = 9.0;
				MTL_ENABLE_DEBUG_INFO = NO;
				SDKROOT = iphoneos;
				TARGETED_DEVICE_FAMILY = 2;
				VALIDATE_PRODUCT = YES;
			};
			name = Release;
		};
		50F0BD251BC580AE0058F4A5 /* Debug */ = {
			isa = XCBuildConfiguration;
			buildSettings = {
				ASSETCATALOG_COMPILER_APPICON_NAME = AppIcon;
				INFOPLIST_FILE = ActionSheetInPopover/Info.plist;
				LD_RUNPATH_SEARCH_PATHS = "$(inherited) @executable_path/Frameworks";
				PRODUCT_BUNDLE_IDENTIFIER = com.yas375.ActionSheetInPopover;
				PRODUCT_NAME = "$(TARGET_NAME)";
			};
			name = Debug;
		};
		50F0BD261BC580AE0058F4A5 /* Release */ = {
			isa = XCBuildConfiguration;
			buildSettings = {
				ASSETCATALOG_COMPILER_APPICON_NAME = AppIcon;
				INFOPLIST_FILE = ActionSheetInPopover/Info.plist;
				LD_RUNPATH_SEARCH_PATHS = "$(inherited) @executable_path/Frameworks";
				PRODUCT_BUNDLE_IDENTIFIER = com.yas375.ActionSheetInPopover;
				PRODUCT_NAME = "$(TARGET_NAME)";
			};
			name = Release;
		};
/* End XCBuildConfiguration section */

/* Begin XCConfigurationList section */
		50F0BD081BC580AE0058F4A5 /* Build configuration list for PBXProject "ActionSheetInPopover" */ = {
			isa = XCConfigurationList;
			buildConfigurations = (
				50F0BD221BC580AE0058F4A5 /* Debug */,
				50F0BD231BC580AE0058F4A5 /* Release */,
			);
			defaultConfigurationIsVisible = 0;
			defaultConfigurationName = Release;
		};
		50F0BD241BC580AE0058F4A5 /* Build configuration list for PBXNativeTarget "ActionSheetInPopover" */ = {
			isa = XCConfigurationList;
			buildConfigurations = (
				50F0BD251BC580AE0058F4A5 /* Debug */,
				50F0BD261BC580AE0058F4A5 /* Release */,
			);
			defaultConfigurationIsVisible = 0;
		};
/* End XCConfigurationList section */
	};
	rootObject = 50F0BD051BC580AE0058F4A5 /* Project object */;
}
