PODS:
  - CSNotificationView (0.3)
  - SVProgressHUD (1.0)

DEPENDENCIES:
  - CSNotificationView (from `CSNotificationView.podspec`)
  - SVProgressHUD

EXTERNAL SOURCES:
  CSNotificationView:
    :podspec: CSNotificationView.podspec

SPEC CHECKSUMS:
  CSNotificationView: 202749ed1ab5699bf75300406aeb357ae02e93c8
  SVProgressHUD: 5e10939a296debf5fe5a5895eda9539b8b2114f1

COCOAPODS: 0.27.1
