// !$*UTF8*$!
{
	archiveVersion = 1;
	classes = {
	};
	objectVersion = 46;
	objects = {

/* Begin PBXBuildFile section */
		50EDF2BF1C5AA4580055E727 /* main.m in Sources */ = {isa = PBXBuildFile; fileRef = 50EDF2BE1C5AA4580055E727 /* main.m */; };
		50EDF2C21C5AA4580055E727 /* AppDelegate.m in Sources */ = {isa = PBXBuildFile; fileRef = 50EDF2C11C5AA4580055E727 /* AppDelegate.m */; };
		50EDF2C51C5AA4580055E727 /* ViewController.m in Sources */ = {isa = PBXBuildFile; fileRef = 50EDF2C41C5AA4580055E727 /* ViewController.m */; };
		50EDF2C81C5AA4580055E727 /* Main.storyboard in Resources */ = {isa = PBXBuildFile; fileRef = 50EDF2C61C5AA4580055E727 /* Main.storyboard */; };
		50EDF2CA1C5AA4580055E727 /* Assets.xcassets in Resources */ = {isa = PBXBuildFile; fileRef = 50EDF2C91C5AA4580055E727 /* Assets.xcassets */; };
		50EDF2CD1C5AA4580055E727 /* LaunchScreen.storyboard in Resources */ = {isa = PBXBuildFile; fileRef = 50EDF2CB1C5AA4580055E727 /* LaunchScreen.storyboard */; };
/* End PBXBuildFile section */

/* Begin PBXFileReference section */
		50EDF2BA1C5AA4580055E727 /* LinkAndNewLine.app */ = {isa = PBXFileReference; explicitFileType = wrapper.application; includeInIndex = 0; path = LinkAndNewLine.app; sourceTree = BUILT_PRODUCTS_DIR; };
		50EDF2BE1C5AA4580055E727 /* main.m */ = {isa = PBXFileReference; lastKnownFileType = sourcecode.c.objc; path = main.m; sourceTree = "<group>"; };
		50EDF2C01C5AA4580055E727 /* AppDelegate.h */ = {isa = PBXFileReference; lastKnownFileType = sourcecode.c.h; path = AppDelegate.h; sourceTree = "<group>"; };
		50EDF2C11C5AA4580055E727 /* AppDelegate.m */ = {isa = PBXFileReference; lastKnownFileType = sourcecode.c.objc; path = AppDelegate.m; sourceTree = "<group>"; };
		50EDF2C31C5AA4580055E727 /* ViewController.h */ = {isa = PBXFileReference; lastKnownFileType = sourcecode.c.h; path = ViewController.h; sourceTree = "<group>"; };
		50EDF2C41C5AA4580055E727 /* ViewController.m */ = {isa = PBXFileReference; lastKnownFileType = sourcecode.c.objc; path = ViewController.m; sourceTree = "<group>"; };
		50EDF2C71C5AA4580055E727 /* Base */ = {isa = PBXFileReference; lastKnownFileType = file.storyboard; name = Base; path = Base.lproj/Main.storyboard; sourceTree = "<group>"; };
		50EDF2C91C5AA4580055E727 /* Assets.xcassets */ = {isa = PBXFileReference; lastKnownFileType = folder.assetcatalog; path = Assets.xcassets; sourceTree = "<group>"; };
		50EDF2CC1C5AA4580055E727 /* Base */ = {isa = PBXFileReference; lastKnownFileType = file.storyboard; name = Base; path = Base.lproj/LaunchScreen.storyboard; sourceTree = "<group>"; };
		50EDF2CE1C5AA4580055E727 /* Info.plist */ = {isa = PBXFileReference; lastKnownFileType = text.plist.xml; path = Info.plist; sourceTree = "<group>"; };
/* End PBXFileReference section */

/* Begin PBXFrameworksBuildPhase section */
		50EDF2B71C5AA4580055E727 /* Frameworks */ = {
			isa = PBXFrameworksBuildPhase;
			buildActionMask = 2147483647;
			files = (
			);
			runOnlyForDeploymentPostprocessing = 0;
		};
/* End PBXFrameworksBuildPhase section */

/* Begin PBXGroup section */
		50EDF2B11C5AA4580055E727 = {
			isa = PBXGroup;
			children = (
				50EDF2BC1C5AA4580055E727 /* LinkAndNewLine */,
				50EDF2BB1C5AA4580055E727 /* Products */,
			);
			sourceTree = "<group>";
		};
		50EDF2BB1C5AA4580055E727 /* Products */ = {
			isa = PBXGroup;
			children = (
				50EDF2BA1C5AA4580055E727 /* LinkAndNewLine.app */,
			);
			name = Products;
			sourceTree = "<group>";
		};
		50EDF2BC1C5AA4580055E727 /* LinkAndNewLine */ = {
			isa = PBXGroup;
			children = (
				50EDF2C01C5AA4580055E727 /* AppDelegate.h */,
				50EDF2C11C5AA4580055E727 /* AppDelegate.m */,
				50EDF2C31C5AA4580055E727 /* ViewController.h */,
				50EDF2C41C5AA4580055E727 /* ViewController.m */,
				50EDF2C61C5AA4580055E727 /* Main.storyboard */,
				50EDF2C91C5AA4580055E727 /* Assets.xcassets */,
				50EDF2CB1C5AA4580055E727 /* LaunchScreen.storyboard */,
				50EDF2CE1C5AA4580055E727 /* Info.plist */,
				50EDF2BD1C5AA4580055E727 /* Supporting Files */,
			);
			path = LinkAndNewLine;
			sourceTree = "<group>";
		};
		50EDF2BD1C5AA4580055E727 /* Supporting Files */ = {
			isa = PBXGroup;
			children = (
				50EDF2BE1C5AA4580055E727 /* main.m */,
			);
			name = "Supporting Files";
			sourceTree = "<group>";
		};
/* End PBXGroup section */

/* Begin PBXNativeTarget section */
		50EDF2B91C5AA4580055E727 /* LinkAndNewLine */ = {
			isa = PBXNativeTarget;
			buildConfigurationList = 50EDF2D11C5AA4580055E727 /* Build configuration list for PBXNativeTarget "LinkAndNewLine" */;
			buildPhases = (
				50EDF2B61C5AA4580055E727 /* Sources */,
				50EDF2B71C5AA4580055E727 /* Frameworks */,
				50EDF2B81C5AA4580055E727 /* Resources */,
			);
			buildRules = (
			);
			dependencies = (
			);
			name = LinkAndNewLine;
			productName = LinkAndNewLine;
			productReference = 50EDF2BA1C5AA4580055E727 /* LinkAndNewLine.app */;
			productType = "com.apple.product-type.application";
		};
/* End PBXNativeTarget section */

/* Begin PBXProject section */
		50EDF2B21C5AA4580055E727 /* Project object */ = {
			isa = PBXProject;
			attributes = {
				LastUpgradeCheck = 0720;
				ORGANIZATIONNAME = Victor;
				TargetAttributes = {
					50EDF2B91C5AA4580055E727 = {
						CreatedOnToolsVersion = 7.2;
					};
				};
			};
			buildConfigurationList = 50EDF2B51C5AA4580055E727 /* Build configuration list for PBXProject "LinkAndNewLine" */;
			compatibilityVersion = "Xcode 3.2";
			developmentRegion = English;
			hasScannedForEncodings = 0;
			knownRegions = (
				en,
				Base,
			);
			mainGroup = 50EDF2B11C5AA4580055E727;
			productRefGroup = 50EDF2BB1C5AA4580055E727 /* Products */;
			projectDirPath = "";
			projectRoot = "";
			targets = (
				50EDF2B91C5AA4580055E727 /* LinkAndNewLine */,
			);
		};
/* End PBXProject section */

/* Begin PBXResourcesBuildPhase section */
		50EDF2B81C5AA4580055E727 /* Resources */ = {
			isa = PBXResourcesBuildPhase;
			buildActionMask = 2147483647;
			files = (
				50EDF2CD1C5AA4580055E727 /* LaunchScreen.storyboard in Resources */,
				50EDF2CA1C5AA4580055E727 /* Assets.xcassets in Resources */,
				50EDF2C81C5AA4580055E727 /* Main.storyboard in Resources */,
			);
			runOnlyForDeploymentPostprocessing = 0;
		};
/* End PBXResourcesBuildPhase section */

/* Begin PBXSourcesBuildPhase section */
		50EDF2B61C5AA4580055E727 /* Sources */ = {
			isa = PBXSourcesBuildPhase;
			buildActionMask = 2147483647;
			files = (
				50EDF2C51C5AA4580055E727 /* ViewController.m in Sources */,
				50EDF2C21C5AA4580055E727 /* AppDelegate.m in Sources */,
				50EDF2BF1C5AA4580055E727 /* main.m in Sources */,
			);
			runOnlyForDeploymentPostprocessing = 0;
		};
/* End PBXSourcesBuildPhase section */

/* Begin PBXVariantGroup section */
		50EDF2C61C5AA4580055E727 /* Main.storyboard */ = {
			isa = PBXVariantGroup;
			children = (
				50EDF2C71C5AA4580055E727 /* Base */,
			);
			name = Main.storyboard;
			sourceTree = "<group>";
		};
		50EDF2CB1C5AA4580055E727 /* LaunchScreen.storyboard */ = {
			isa = PBXVariantGroup;
			children = (
				50EDF2CC1C5AA4580055E727 /* Base */,
			);
			name = LaunchScreen.storyboard;
			sourceTree = "<group>";
		};
/* End PBXVariantGroup section */

/* Begin XCBuildConfiguration section */
		50EDF2CF1C5AA4580055E727 /* Debug */ = {
			isa = XCBuildConfiguration;
			buildSettings = {
				ALWAYS_SEARCH_USER_PATHS = NO;
				CLANG_CXX_LANGUAGE_STANDARD = "gnu++0x";
				CLANG_CXX_LIBRARY = "libc++";
				CLANG_ENABLE_MODULES = YES;
				CLANG_ENABLE_OBJC_ARC = YES;
				CLANG_WARN_BOOL_CONVERSION = YES;
				CLANG_WARN_CONSTANT_CONVERSION = YES;
				CLANG_WARN_DIRECT_OBJC_ISA_USAGE = YES_ERROR;
				CLANG_WARN_EMPTY_BODY = YES;
				CLANG_WARN_ENUM_CONVERSION = YES;
				CLANG_WARN_INT_CONVERSION = YES;
				CLANG_WARN_OBJC_ROOT_CLASS = YES_ERROR;
				CLANG_WARN_UNREACHABLE_CODE = YES;
				CLANG_WARN__DUPLICATE_METHOD_MATCH = YES;
				"CODE_SIGN_IDENTITY[sdk=iphoneos*]" = "iPhone Developer";
				COPY_PHASE_STRIP = NO;
				DEBUG_INFORMATION_FORMAT = dwarf;
				ENABLE_STRICT_OBJC_MSGSEND = YES;
				ENABLE_TESTABILITY = YES;
				GCC_C_LANGUAGE_STANDARD = gnu99;
				GCC_DYNAMIC_NO_PIC = NO;
				GCC_NO_COMMON_BLOCKS = YES;
				GCC_OPTIMIZATION_LEVEL = 0;
				GCC_PREPROCESSOR_DEFINITIONS = (
					"DEBUG=1",
					"$(inherited)",
				);
				GCC_WARN_64_TO_32_BIT_CONVERSION = YES;
				GCC_WARN_ABOUT_RETURN_TYPE = YES_ERROR;
				GCC_WARN_UNDECLARED_SELECTOR = YES;
				GCC_WARN_UNINITIALIZED_AUTOS = YES_AGGRESSIVE;
				GCC_WARN_UNUSED_FUNCTION = YES;
				GCC_WARN_UNUSED_VARIABLE = YES;
				IPHONEOS_DEPLOYMENT_TARGET = 9.2;
				MTL_ENABLE_DEBUG_INFO = YES;
				ONLY_ACTIVE_ARCH = YES;
				SDKROOT = iphoneos;
				TARGETED_DEVICE_FAMILY = "1,2";
			};
			name = Debug;
		};
		50EDF2D01C5AA4580055E727 /* Release */ = {
			isa = XCBuildConfiguration;
			buildSettings = {
				ALWAYS_SEARCH_USER_PATHS = NO;
				CLANG_CXX_LANGUAGE_STANDARD = "gnu++0x";
				CLANG_CXX_LIBRARY = "libc++";
				CLANG_ENABLE_MODULES = YES;
				CLANG_ENABLE_OBJC_ARC = YES;
				CLANG_WARN_BOOL_CONVERSION = YES;
				CLANG_WARN_CONSTANT_CONVERSION = YES;
				CLANG_WARN_DIRECT_OBJC_ISA_USAGE = YES_ERROR;
				CLANG_WARN_EMPTY_BODY = YES;
				CLANG_WARN_ENUM_CONVERSION = YES;
				CLANG_WARN_INT_CONVERSION = YES;
				CLANG_WARN_OBJC_ROOT_CLASS = YES_ERROR;
				CLANG_WARN_UNREACHABLE_CODE = YES;
				CLANG_WARN__DUPLICATE_METHOD_MATCH = YES;
				"CODE_SIGN_IDENTITY[sdk=iphoneos*]" = "iPhone Developer";
				COPY_PHASE_STRIP = NO;
				DEBUG_INFORMATION_FORMAT = "dwarf-with-dsym";
				ENABLE_NS_ASSERTIONS = NO;
				ENABLE_STRICT_OBJC_MSGSEND = YES;
				GCC_C_LANGUAGE_STANDARD = gnu99;
				GCC_NO_COMMON_BLOCKS = YES;
				GCC_WARN_64_TO_32_BIT_CONVERSION = YES;
				GCC_WARN_ABOUT_RETURN_TYPE = YES_ERROR;
				GCC_WARN_UNDECLARED_SELECTOR = YES;
				GCC_WARN_UNINITIALIZED_AUTOS = YES_AGGRESSIVE;
				GCC_WARN_UNUSED_FUNCTION = YES;
				GCC_WARN_UNUSED_VARIABLE = YES;
				IPHONEOS_DEPLOYMENT_TARGET = 9.2;
				MTL_ENABLE_DEBUG_INFO = NO;
				SDKROOT = iphoneos;
				TARGETED_DEVICE_FAMILY = "1,2";
				VALIDATE_PRODUCT = YES;
			};
			name = Release;
		};
		50EDF2D21C5AA4580055E727 /* Debug */ = {
			isa = XCBuildConfiguration;
			buildSettings = {
				ASSETCATALOG_COMPILER_APPICON_NAME = AppIcon;
				INFOPLIST_FILE = LinkAndNewLine/Info.plist;
				LD_RUNPATH_SEARCH_PATHS = "$(inherited) @executable_path/Frameworks";
				PRODUCT_BUNDLE_IDENTIFIER = com.example.LinkAndNewLine;
				PRODUCT_NAME = "$(TARGET_NAME)";
			};
			name = Debug;
		};
		50EDF2D31C5AA4580055E727 /* Release */ = {
			isa = XCBuildConfiguration;
			buildSettings = {
				ASSETCATALOG_COMPILER_APPICON_NAME = AppIcon;
				INFOPLIST_FILE = LinkAndNewLine/Info.plist;
				LD_RUNPATH_SEARCH_PATHS = "$(inherited) @executable_path/Frameworks";
				PRODUCT_BUNDLE_IDENTIFIER = com.example.LinkAndNewLine;
				PRODUCT_NAME = "$(TARGET_NAME)";
			};
			name = Release;
		};
/* End XCBuildConfiguration section */

/* Begin XCConfigurationList section */
		50EDF2B51C5AA4580055E727 /* Build configuration list for PBXProject "LinkAndNewLine" */ = {
			isa = XCConfigurationList;
			buildConfigurations = (
				50EDF2CF1C5AA4580055E727 /* Debug */,
				50EDF2D01C5AA4580055E727 /* Release */,
			);
			defaultConfigurationIsVisible = 0;
			defaultConfigurationName = Release;
		};
		50EDF2D11C5AA4580055E727 /* Build configuration list for PBXNativeTarget "LinkAndNewLine" */ = {
			isa = XCConfigurationList;
			buildConfigurations = (
				50EDF2D21C5AA4580055E727 /* Debug */,
				50EDF2D31C5AA4580055E727 /* Release */,
			);
			defaultConfigurationIsVisible = 0;
		};
/* End XCConfigurationList section */
	};
	rootObject = 50EDF2B21C5AA4580055E727 /* Project object */;
}
