// !$*UTF8*$!
{
	archiveVersion = 1;
	classes = {
	};
	objectVersion = 48;
	objects = {

/* Begin PBXBuildFile section */
		50D7D0E61F709F6C00343ED2 /* AppDelegate.swift in Sources */ = {isa = PBXBuildFile; fileRef = 50D7D0E51F709F6C00343ED2 /* AppDelegate.swift */; };
		50D7D0E81F709F6C00343ED2 /* ViewController.swift in Sources */ = {isa = PBXBuildFile; fileRef = 50D7D0E71F709F6C00343ED2 /* ViewController.swift */; };
		50D7D0EB1F709F6C00343ED2 /* Main.storyboard in Resources */ = {isa = PBXBuildFile; fileRef = 50D7D0E91F709F6C00343ED2 /* Main.storyboard */; };
		50D7D0ED1F709F6C00343ED2 /* Assets.xcassets in Resources */ = {isa = PBXBuildFile; fileRef = 50D7D0EC1F709F6C00343ED2 /* Assets.xcassets */; };
		50D7D0F01F709F6C00343ED2 /* LaunchScreen.storyboard in Resources */ = {isa = PBXBuildFile; fileRef = 50D7D0EE1F709F6C00343ED2 /* LaunchScreen.storyboard */; };
		50D7D0FB1F709F6D00343ED2 /* TimeZonesTests.swift in Sources */ = {isa = PBXBuildFile; fileRef = 50D7D0FA1F709F6D00343ED2 /* TimeZonesTests.swift */; };
/* End PBXBuildFile section */

/* Begin PBXContainerItemProxy section */
		50D7D0F71F709F6D00343ED2 /* PBXContainerItemProxy */ = {
			isa = PBXContainerItemProxy;
			containerPortal = 50D7D0DA1F709F6C00343ED2 /* Project object */;
			proxyType = 1;
			remoteGlobalIDString = 50D7D0E11F709F6C00343ED2;
			remoteInfo = TimeZones;
		};
/* End PBXContainerItemProxy section */

/* Begin PBXFileReference section */
		50D7D0E21F709F6C00343ED2 /* TimeZones.app */ = {isa = PBXFileReference; explicitFileType = wrapper.application; includeInIndex = 0; path = TimeZones.app; sourceTree = BUILT_PRODUCTS_DIR; };
		50D7D0E51F709F6C00343ED2 /* AppDelegate.swift */ = {isa = PBXFileReference; lastKnownFileType = sourcecode.swift; path = AppDelegate.swift; sourceTree = "<group>"; };
		50D7D0E71F709F6C00343ED2 /* ViewController.swift */ = {isa = PBXFileReference; lastKnownFileType = sourcecode.swift; path = ViewController.swift; sourceTree = "<group>"; };
		50D7D0EA1F709F6C00343ED2 /* Base */ = {isa = PBXFileReference; lastKnownFileType = file.storyboard; name = Base; path = Base.lproj/Main.storyboard; sourceTree = "<group>"; };
		50D7D0EC1F709F6C00343ED2 /* Assets.xcassets */ = {isa = PBXFileReference; lastKnownFileType = folder.assetcatalog; path = Assets.xcassets; sourceTree = "<group>"; };
		50D7D0EF1F709F6C00343ED2 /* Base */ = {isa = PBXFileReference; lastKnownFileType = file.storyboard; name = Base; path = Base.lproj/LaunchScreen.storyboard; sourceTree = "<group>"; };
		50D7D0F11F709F6C00343ED2 /* Info.plist */ = {isa = PBXFileReference; lastKnownFileType = text.plist.xml; path = Info.plist; sourceTree = "<group>"; };
		50D7D0F61F709F6D00343ED2 /* TimeZonesTests.xctest */ = {isa = PBXFileReference; explicitFileType = wrapper.cfbundle; includeInIndex = 0; path = TimeZonesTests.xctest; sourceTree = BUILT_PRODUCTS_DIR; };
		50D7D0FA1F709F6D00343ED2 /* TimeZonesTests.swift */ = {isa = PBXFileReference; lastKnownFileType = sourcecode.swift; path = TimeZonesTests.swift; sourceTree = "<group>"; };
		50D7D0FC1F709F6D00343ED2 /* Info.plist */ = {isa = PBXFileReference; lastKnownFileType = text.plist.xml; path = Info.plist; sourceTree = "<group>"; };
/* End PBXFileReference section */

/* Begin PBXFrameworksBuildPhase section */
		50D7D0DF1F709F6C00343ED2 /* Frameworks */ = {
			isa = PBXFrameworksBuildPhase;
			buildActionMask = 2147483647;
			files = (
			);
			runOnlyForDeploymentPostprocessing = 0;
		};
		50D7D0F31F709F6D00343ED2 /* Frameworks */ = {
			isa = PBXFrameworksBuildPhase;
			buildActionMask = 2147483647;
			files = (
			);
			runOnlyForDeploymentPostprocessing = 0;
		};
/* End PBXFrameworksBuildPhase section */

/* Begin PBXGroup section */
		50D7D0D91F709F6C00343ED2 = {
			isa = PBXGroup;
			children = (
				50D7D0E41F709F6C00343ED2 /* TimeZones */,
				50D7D0F91F709F6D00343ED2 /* TimeZonesTests */,
				50D7D0E31F709F6C00343ED2 /* Products */,
			);
			sourceTree = "<group>";
		};
		50D7D0E31F709F6C00343ED2 /* Products */ = {
			isa = PBXGroup;
			children = (
				50D7D0E21F709F6C00343ED2 /* TimeZones.app */,
				50D7D0F61F709F6D00343ED2 /* TimeZonesTests.xctest */,
			);
			name = Products;
			sourceTree = "<group>";
		};
		50D7D0E41F709F6C00343ED2 /* TimeZones */ = {
			isa = PBXGroup;
			children = (
				50D7D0E51F709F6C00343ED2 /* AppDelegate.swift */,
				50D7D0E71F709F6C00343ED2 /* ViewController.swift */,
				50D7D0E91F709F6C00343ED2 /* Main.storyboard */,
				50D7D0EC1F709F6C00343ED2 /* Assets.xcassets */,
				50D7D0EE1F709F6C00343ED2 /* LaunchScreen.storyboard */,
				50D7D0F11F709F6C00343ED2 /* Info.plist */,
			);
			path = TimeZones;
			sourceTree = "<group>";
		};
		50D7D0F91F709F6D00343ED2 /* TimeZonesTests */ = {
			isa = PBXGroup;
			children = (
				50D7D0FA1F709F6D00343ED2 /* TimeZonesTests.swift */,
				50D7D0FC1F709F6D00343ED2 /* Info.plist */,
			);
			path = TimeZonesTests;
			sourceTree = "<group>";
		};
/* End PBXGroup section */

/* Begin PBXNativeTarget section */
		50D7D0E11F709F6C00343ED2 /* TimeZones */ = {
			isa = PBXNativeTarget;
			buildConfigurationList = 50D7D0FF1F709F6D00343ED2 /* Build configuration list for PBXNativeTarget "TimeZones" */;
			buildPhases = (
				50D7D0DE1F709F6C00343ED2 /* Sources */,
				50D7D0DF1F709F6C00343ED2 /* Frameworks */,
				50D7D0E01F709F6C00343ED2 /* Resources */,
			);
			buildRules = (
			);
			dependencies = (
			);
			name = TimeZones;
			productName = TimeZones;
			productReference = 50D7D0E21F709F6C00343ED2 /* TimeZones.app */;
			productType = "com.apple.product-type.application";
		};
		50D7D0F51F709F6D00343ED2 /* TimeZonesTests */ = {
			isa = PBXNativeTarget;
			buildConfigurationList = 50D7D1021F709F6D00343ED2 /* Build configuration list for PBXNativeTarget "TimeZonesTests" */;
			buildPhases = (
				50D7D0F21F709F6D00343ED2 /* Sources */,
				50D7D0F31F709F6D00343ED2 /* Frameworks */,
				50D7D0F41F709F6D00343ED2 /* Resources */,
			);
			buildRules = (
			);
			dependencies = (
				50D7D0F81F709F6D00343ED2 /* PBXTargetDependency */,
			);
			name = TimeZonesTests;
			productName = TimeZonesTests;
			productReference = 50D7D0F61F709F6D00343ED2 /* TimeZonesTests.xctest */;
			productType = "com.apple.product-type.bundle.unit-test";
		};
/* End PBXNativeTarget section */

/* Begin PBXProject section */
		50D7D0DA1F709F6C00343ED2 /* Project object */ = {
			isa = PBXProject;
			attributes = {
				LastSwiftUpdateCheck = 0900;
				LastUpgradeCheck = 0900;
				TargetAttributes = {
					50D7D0E11F709F6C00343ED2 = {
						CreatedOnToolsVersion = 9.0;
						ProvisioningStyle = Automatic;
					};
					50D7D0F51F709F6D00343ED2 = {
						CreatedOnToolsVersion = 9.0;
						ProvisioningStyle = Automatic;
						TestTargetID = 50D7D0E11F709F6C00343ED2;
					};
				};
			};
			buildConfigurationList = 50D7D0DD1F709F6C00343ED2 /* Build configuration list for PBXProject "TimeZones" */;
			compatibilityVersion = "Xcode 8.0";
			developmentRegion = en;
			hasScannedForEncodings = 0;
			knownRegions = (
				en,
				Base,
			);
			mainGroup = 50D7D0D91F709F6C00343ED2;
			productRefGroup = 50D7D0E31F709F6C00343ED2 /* Products */;
			projectDirPath = "";
			projectRoot = "";
			targets = (
				50D7D0E11F709F6C00343ED2 /* TimeZones */,
				50D7D0F51F709F6D00343ED2 /* TimeZonesTests */,
			);
		};
/* End PBXProject section */

/* Begin PBXResourcesBuildPhase section */
		50D7D0E01F709F6C00343ED2 /* Resources */ = {
			isa = PBXResourcesBuildPhase;
			buildActionMask = 2147483647;
			files = (
				50D7D0F01F709F6C00343ED2 /* LaunchScreen.storyboard in Resources */,
				50D7D0ED1F709F6C00343ED2 /* Assets.xcassets in Resources */,
				50D7D0EB1F709F6C00343ED2 /* Main.storyboard in Resources */,
			);
			runOnlyForDeploymentPostprocessing = 0;
		};
		50D7D0F41F709F6D00343ED2 /* Resources */ = {
			isa = PBXResourcesBuildPhase;
			buildActionMask = 2147483647;
			files = (
			);
			runOnlyForDeploymentPostprocessing = 0;
		};
/* End PBXResourcesBuildPhase section */

/* Begin PBXSourcesBuildPhase section */
		50D7D0DE1F709F6C00343ED2 /* Sources */ = {
			isa = PBXSourcesBuildPhase;
			buildActionMask = 2147483647;
			files = (
				50D7D0E81F709F6C00343ED2 /* ViewController.swift in Sources */,
				50D7D0E61F709F6C00343ED2 /* AppDelegate.swift in Sources */,
			);
			runOnlyForDeploymentPostprocessing = 0;
		};
		50D7D0F21F709F6D00343ED2 /* Sources */ = {
			isa = PBXSourcesBuildPhase;
			buildActionMask = 2147483647;
			files = (
				50D7D0FB1F709F6D00343ED2 /* TimeZonesTests.swift in Sources */,
			);
			runOnlyForDeploymentPostprocessing = 0;
		};
/* End PBXSourcesBuildPhase section */

/* Begin PBXTargetDependency section */
		50D7D0F81F709F6D00343ED2 /* PBXTargetDependency */ = {
			isa = PBXTargetDependency;
			target = 50D7D0E11F709F6C00343ED2 /* TimeZones */;
			targetProxy = 50D7D0F71F709F6D00343ED2 /* PBXContainerItemProxy */;
		};
/* End PBXTargetDependency section */

/* Begin PBXVariantGroup section */
		50D7D0E91F709F6C00343ED2 /* Main.storyboard */ = {
			isa = PBXVariantGroup;
			children = (
				50D7D0EA1F709F6C00343ED2 /* Base */,
			);
			name = Main.storyboard;
			sourceTree = "<group>";
		};
		50D7D0EE1F709F6C00343ED2 /* LaunchScreen.storyboard */ = {
			isa = PBXVariantGroup;
			children = (
				50D7D0EF1F709F6C00343ED2 /* Base */,
			);
			name = LaunchScreen.storyboard;
			sourceTree = "<group>";
		};
/* End PBXVariantGroup section */

/* Begin XCBuildConfiguration section */
		50D7D0FD1F709F6D00343ED2 /* Debug */ = {
			isa = XCBuildConfiguration;
			buildSettings = {
				ALWAYS_SEARCH_USER_PATHS = NO;
				CLANG_ANALYZER_NONNULL = YES;
				CLANG_ANALYZER_NUMBER_OBJECT_CONVERSION = YES_AGGRESSIVE;
				CLANG_CXX_LANGUAGE_STANDARD = "gnu++14";
				CLANG_CXX_LIBRARY = "libc++";
				CLANG_ENABLE_MODULES = YES;
				CLANG_ENABLE_OBJC_ARC = YES;
				CLANG_WARN_BLOCK_CAPTURE_AUTORELEASING = YES;
				CLANG_WARN_BOOL_CONVERSION = YES;
				CLANG_WARN_COMMA = YES;
				CLANG_WARN_CONSTANT_CONVERSION = YES;
				CLANG_WARN_DIRECT_OBJC_ISA_USAGE = YES_ERROR;
				CLANG_WARN_DOCUMENTATION_COMMENTS = YES;
				CLANG_WARN_EMPTY_BODY = YES;
				CLANG_WARN_ENUM_CONVERSION = YES;
				CLANG_WARN_INFINITE_RECURSION = YES;
				CLANG_WARN_INT_CONVERSION = YES;
				CLANG_WARN_NON_LITERAL_NULL_CONVERSION = YES;
				CLANG_WARN_OBJC_LITERAL_CONVERSION = YES;
				CLANG_WARN_OBJC_ROOT_CLASS = YES_ERROR;
				CLANG_WARN_RANGE_LOOP_ANALYSIS = YES;
				CLANG_WARN_STRICT_PROTOTYPES = YES;
				CLANG_WARN_SUSPICIOUS_MOVE = YES;
				CLANG_WARN_UNGUARDED_AVAILABILITY = YES_AGGRESSIVE;
				CLANG_WARN_UNREACHABLE_CODE = YES;
				CLANG_WARN__DUPLICATE_METHOD_MATCH = YES;
				CODE_SIGN_IDENTITY = "iPhone Developer";
				COPY_PHASE_STRIP = NO;
				DEBUG_INFORMATION_FORMAT = dwarf;
				ENABLE_STRICT_OBJC_MSGSEND = YES;
				ENABLE_TESTABILITY = YES;
				GCC_C_LANGUAGE_STANDARD = gnu11;
				GCC_DYNAMIC_NO_PIC = NO;
				GCC_NO_COMMON_BLOCKS = YES;
				GCC_OPTIMIZATION_LEVEL = 0;
				GCC_PREPROCESSOR_DEFINITIONS = (
					"DEBUG=1",
					"$(inherited)",
				);
				GCC_WARN_64_TO_32_BIT_CONVERSION = YES;
				GCC_WARN_ABOUT_RETURN_TYPE = YES_ERROR;
				GCC_WARN_UNDECLARED_SELECTOR = YES;
				GCC_WARN_UNINITIALIZED_AUTOS = YES_AGGRESSIVE;
				GCC_WARN_UNUSED_FUNCTION = YES;
				GCC_WARN_UNUSED_VARIABLE = YES;
				IPHONEOS_DEPLOYMENT_TARGET = 9.0;
				MTL_ENABLE_DEBUG_INFO = YES;
				ONLY_ACTIVE_ARCH = YES;
				SDKROOT = iphoneos;
				SWIFT_ACTIVE_COMPILATION_CONDITIONS = DEBUG;
				SWIFT_OPTIMIZATION_LEVEL = "-Onone";
			};
			name = Debug;
		};
		50D7D0FE1F709F6D00343ED2 /* Release */ = {
			isa = XCBuildConfiguration;
			buildSettings = {
				ALWAYS_SEARCH_USER_PATHS = NO;
				CLANG_ANALYZER_NONNULL = YES;
				CLANG_ANALYZER_NUMBER_OBJECT_CONVERSION = YES_AGGRESSIVE;
				CLANG_CXX_LANGUAGE_STANDARD = "gnu++14";
				CLANG_CXX_LIBRARY = "libc++";
				CLANG_ENABLE_MODULES = YES;
				CLANG_ENABLE_OBJC_ARC = YES;
				CLANG_WARN_BLOCK_CAPTURE_AUTORELEASING = YES;
				CLANG_WARN_BOOL_CONVERSION = YES;
				CLANG_WARN_COMMA = YES;
				CLANG_WARN_CONSTANT_CONVERSION = YES;
				CLANG_WARN_DIRECT_OBJC_ISA_USAGE = YES_ERROR;
				CLANG_WARN_DOCUMENTATION_COMMENTS = YES;
				CLANG_WARN_EMPTY_BODY = YES;
				CLANG_WARN_ENUM_CONVERSION = YES;
				CLANG_WARN_INFINITE_RECURSION = YES;
				CLANG_WARN_INT_CONVERSION = YES;
				CLANG_WARN_NON_LITERAL_NULL_CONVERSION = YES;
				CLANG_WARN_OBJC_LITERAL_CONVERSION = YES;
				CLANG_WARN_OBJC_ROOT_CLASS = YES_ERROR;
				CLANG_WARN_RANGE_LOOP_ANALYSIS = YES;
				CLANG_WARN_STRICT_PROTOTYPES = YES;
				CLANG_WARN_SUSPICIOUS_MOVE = YES;
				CLANG_WARN_UNGUARDED_AVAILABILITY = YES_AGGRESSIVE;
				CLANG_WARN_UNREACHABLE_CODE = YES;
				CLANG_WARN__DUPLICATE_METHOD_MATCH = YES;
				CODE_SIGN_IDENTITY = "iPhone Developer";
				COPY_PHASE_STRIP = NO;
				DEBUG_INFORMATION_FORMAT = "dwarf-with-dsym";
				ENABLE_NS_ASSERTIONS = NO;
				ENABLE_STRICT_OBJC_MSGSEND = YES;
				GCC_C_LANGUAGE_STANDARD = gnu11;
				GCC_NO_COMMON_BLOCKS = YES;
				GCC_WARN_64_TO_32_BIT_CONVERSION = YES;
				GCC_WARN_ABOUT_RETURN_TYPE = YES_ERROR;
				GCC_WARN_UNDECLARED_SELECTOR = YES;
				GCC_WARN_UNINITIALIZED_AUTOS = YES_AGGRESSIVE;
				GCC_WARN_UNUSED_FUNCTION = YES;
				GCC_WARN_UNUSED_VARIABLE = YES;
				IPHONEOS_DEPLOYMENT_TARGET = 9.0;
				MTL_ENABLE_DEBUG_INFO = NO;
				SDKROOT = iphoneos;
				SWIFT_OPTIMIZATION_LEVEL = "-Owholemodule";
				VALIDATE_PRODUCT = YES;
			};
			name = Release;
		};
		50D7D1001F709F6D00343ED2 /* Debug */ = {
			isa = XCBuildConfiguration;
			buildSettings = {
				ASSETCATALOG_COMPILER_APPICON_NAME = AppIcon;
				CODE_SIGN_STYLE = Automatic;
				INFOPLIST_FILE = TimeZones/Info.plist;
				LD_RUNPATH_SEARCH_PATHS = "$(inherited) @executable_path/Frameworks";
				PRODUCT_BUNDLE_IDENTIFIER = com.example.TimeZones;
				PRODUCT_NAME = "$(TARGET_NAME)";
				SWIFT_VERSION = 4.0;
				TARGETED_DEVICE_FAMILY = "1,2";
			};
			name = Debug;
		};
		50D7D1011F709F6D00343ED2 /* Release */ = {
			isa = XCBuildConfiguration;
			buildSettings = {
				ASSETCATALOG_COMPILER_APPICON_NAME = AppIcon;
				CODE_SIGN_STYLE = Automatic;
				INFOPLIST_FILE = TimeZones/Info.plist;
				LD_RUNPATH_SEARCH_PATHS = "$(inherited) @executable_path/Frameworks";
				PRODUCT_BUNDLE_IDENTIFIER = com.example.TimeZones;
				PRODUCT_NAME = "$(TARGET_NAME)";
				SWIFT_VERSION = 4.0;
				TARGETED_DEVICE_FAMILY = "1,2";
			};
			name = Release;
		};
		50D7D1031F709F6D00343ED2 /* Debug */ = {
			isa = XCBuildConfiguration;
			buildSettings = {
				ALWAYS_EMBED_SWIFT_STANDARD_LIBRARIES = YES;
				BUNDLE_LOADER = "$(TEST_HOST)";
				CODE_SIGN_STYLE = Automatic;
				INFOPLIST_FILE = TimeZonesTests/Info.plist;
				LD_RUNPATH_SEARCH_PATHS = "$(inherited) @executable_path/Frameworks @loader_path/Frameworks";
				PRODUCT_BUNDLE_IDENTIFIER = com.example.TimeZonesTests;
				PRODUCT_NAME = "$(TARGET_NAME)";
				SWIFT_VERSION = 4.0;
				TARGETED_DEVICE_FAMILY = "1,2";
				TEST_HOST = "$(BUILT_PRODUCTS_DIR)/TimeZones.app/TimeZones";
			};
			name = Debug;
		};
		50D7D1041F709F6D00343ED2 /* Release */ = {
			isa = XCBuildConfiguration;
			buildSettings = {
				ALWAYS_EMBED_SWIFT_STANDARD_LIBRARIES = YES;
				BUNDLE_LOADER = "$(TEST_HOST)";
				CODE_SIGN_STYLE = Automatic;
				INFOPLIST_FILE = TimeZonesTests/Info.plist;
				LD_RUNPATH_SEARCH_PATHS = "$(inherited) @executable_path/Frameworks @loader_path/Frameworks";
				PRODUCT_BUNDLE_IDENTIFIER = com.example.TimeZonesTests;
				PRODUCT_NAME = "$(TARGET_NAME)";
				SWIFT_VERSION = 4.0;
				TARGETED_DEVICE_FAMILY = "1,2";
				TEST_HOST = "$(BUILT_PRODUCTS_DIR)/TimeZones.app/TimeZones";
			};
			name = Release;
		};
/* End XCBuildConfiguration section */

/* Begin XCConfigurationList section */
		50D7D0DD1F709F6C00343ED2 /* Build configuration list for PBXProject "TimeZones" */ = {
			isa = XCConfigurationList;
			buildConfigurations = (
				50D7D0FD1F709F6D00343ED2 /* Debug */,
				50D7D0FE1F709F6D00343ED2 /* Release */,
			);
			defaultConfigurationIsVisible = 0;
			defaultConfigurationName = Release;
		};
		50D7D0FF1F709F6D00343ED2 /* Build configuration list for PBXNativeTarget "TimeZones" */ = {
			isa = XCConfigurationList;
			buildConfigurations = (
				50D7D1001F709F6D00343ED2 /* Debug */,
				50D7D1011F709F6D00343ED2 /* Release */,
			);
			defaultConfigurationIsVisible = 0;
			defaultConfigurationName = Release;
		};
		50D7D1021F709F6D00343ED2 /* Build configuration list for PBXNativeTarget "TimeZonesTests" */ = {
			isa = XCConfigurationList;
			buildConfigurations = (
				50D7D1031F709F6D00343ED2 /* Debug */,
				50D7D1041F709F6D00343ED2 /* Release */,
			);
			defaultConfigurationIsVisible = 0;
			defaultConfigurationName = Release;
		};
/* End XCConfigurationList section */
	};
	rootObject = 50D7D0DA1F709F6C00343ED2 /* Project object */;
}
