// !$*UTF8*$!
{
	archiveVersion = 1;
	classes = {
	};
	objectVersion = 46;
	objects = {

/* Begin PBXBuildFile section */
		505B8C3A181E3B4D0072EB1B /* Foundation.framework in Frameworks */ = {isa = PBXBuildFile; fileRef = 505B8C39181E3B4D0072EB1B /* Foundation.framework */; };
		505B8C3C181E3B4D0072EB1B /* CoreGraphics.framework in Frameworks */ = {isa = PBXBuildFile; fileRef = 505B8C3B181E3B4D0072EB1B /* CoreGraphics.framework */; };
		505B8C3E181E3B4D0072EB1B /* UIKit.framework in Frameworks */ = {isa = PBXBuildFile; fileRef = 505B8C3D181E3B4D0072EB1B /* UIKit.framework */; };
		505B8C44181E3B4D0072EB1B /* InfoPlist.strings in Resources */ = {isa = PBXBuildFile; fileRef = 505B8C42181E3B4D0072EB1B /* InfoPlist.strings */; };
		505B8C46181E3B4D0072EB1B /* main.m in Sources */ = {isa = PBXBuildFile; fileRef = 505B8C45181E3B4D0072EB1B /* main.m */; };
		505B8C4A181E3B4D0072EB1B /* AppDelegate.m in Sources */ = {isa = PBXBuildFile; fileRef = 505B8C49181E3B4D0072EB1B /* AppDelegate.m */; };
		505B8C4C181E3B4D0072EB1B /* Images.xcassets in Resources */ = {isa = PBXBuildFile; fileRef = 505B8C4B181E3B4D0072EB1B /* Images.xcassets */; };
		505B8C53181E3B4D0072EB1B /* XCTest.framework in Frameworks */ = {isa = PBXBuildFile; fileRef = 505B8C52181E3B4D0072EB1B /* XCTest.framework */; };
		505B8C54181E3B4D0072EB1B /* Foundation.framework in Frameworks */ = {isa = PBXBuildFile; fileRef = 505B8C39181E3B4D0072EB1B /* Foundation.framework */; };
		505B8C55181E3B4D0072EB1B /* UIKit.framework in Frameworks */ = {isa = PBXBuildFile; fileRef = 505B8C3D181E3B4D0072EB1B /* UIKit.framework */; };
		505B8C5D181E3B4D0072EB1B /* InfoPlist.strings in Resources */ = {isa = PBXBuildFile; fileRef = 505B8C5B181E3B4D0072EB1B /* InfoPlist.strings */; };
		505B8C5F181E3B4D0072EB1B /* ExampleAppTests.m in Sources */ = {isa = PBXBuildFile; fileRef = 505B8C5E181E3B4D0072EB1B /* ExampleAppTests.m */; };
/* End PBXBuildFile section */

/* Begin PBXContainerItemProxy section */
		505B8C56181E3B4D0072EB1B /* PBXContainerItemProxy */ = {
			isa = PBXContainerItemProxy;
			containerPortal = 505B8C2E181E3B4D0072EB1B /* Project object */;
			proxyType = 1;
			remoteGlobalIDString = 505B8C35181E3B4D0072EB1B;
			remoteInfo = ExampleApp;
		};
/* End PBXContainerItemProxy section */

/* Begin PBXFileReference section */
		505B8C36181E3B4D0072EB1B /* ExampleApp.app */ = {isa = PBXFileReference; explicitFileType = wrapper.application; includeInIndex = 0; path = ExampleApp.app; sourceTree = BUILT_PRODUCTS_DIR; };
		505B8C39181E3B4D0072EB1B /* Foundation.framework */ = {isa = PBXFileReference; lastKnownFileType = wrapper.framework; name = Foundation.framework; path = System/Library/Frameworks/Foundation.framework; sourceTree = SDKROOT; };
		505B8C3B181E3B4D0072EB1B /* CoreGraphics.framework */ = {isa = PBXFileReference; lastKnownFileType = wrapper.framework; name = CoreGraphics.framework; path = System/Library/Frameworks/CoreGraphics.framework; sourceTree = SDKROOT; };
		505B8C3D181E3B4D0072EB1B /* UIKit.framework */ = {isa = PBXFileReference; lastKnownFileType = wrapper.framework; name = UIKit.framework; path = System/Library/Frameworks/UIKit.framework; sourceTree = SDKROOT; };
		505B8C41181E3B4D0072EB1B /* ExampleApp-Info.plist */ = {isa = PBXFileReference; lastKnownFileType = text.plist.xml; path = "ExampleApp-Info.plist"; sourceTree = "<group>"; };
		505B8C43181E3B4D0072EB1B /* en */ = {isa = PBXFileReference; lastKnownFileType = text.plist.strings; name = en; path = en.lproj/InfoPlist.strings; sourceTree = "<group>"; };
		505B8C45181E3B4D0072EB1B /* main.m */ = {isa = PBXFileReference; lastKnownFileType = sourcecode.c.objc; path = main.m; sourceTree = "<group>"; };
		505B8C47181E3B4D0072EB1B /* ExampleApp-Prefix.pch */ = {isa = PBXFileReference; lastKnownFileType = sourcecode.c.h; path = "ExampleApp-Prefix.pch"; sourceTree = "<group>"; };
		505B8C48181E3B4D0072EB1B /* AppDelegate.h */ = {isa = PBXFileReference; lastKnownFileType = sourcecode.c.h; path = AppDelegate.h; sourceTree = "<group>"; };
		505B8C49181E3B4D0072EB1B /* AppDelegate.m */ = {isa = PBXFileReference; lastKnownFileType = sourcecode.c.objc; path = AppDelegate.m; sourceTree = "<group>"; };
		505B8C4B181E3B4D0072EB1B /* Images.xcassets */ = {isa = PBXFileReference; lastKnownFileType = folder.assetcatalog; path = Images.xcassets; sourceTree = "<group>"; };
		505B8C51181E3B4D0072EB1B /* ExampleAppTests.xctest */ = {isa = PBXFileReference; explicitFileType = wrapper.cfbundle; includeInIndex = 0; path = ExampleAppTests.xctest; sourceTree = BUILT_PRODUCTS_DIR; };
		505B8C52181E3B4D0072EB1B /* XCTest.framework */ = {isa = PBXFileReference; lastKnownFileType = wrapper.framework; name = XCTest.framework; path = Library/Frameworks/XCTest.framework; sourceTree = DEVELOPER_DIR; };
		505B8C5A181E3B4D0072EB1B /* ExampleAppTests-Info.plist */ = {isa = PBXFileReference; lastKnownFileType = text.plist.xml; path = "ExampleAppTests-Info.plist"; sourceTree = "<group>"; };
		505B8C5C181E3B4D0072EB1B /* en */ = {isa = PBXFileReference; lastKnownFileType = text.plist.strings; name = en; path = en.lproj/InfoPlist.strings; sourceTree = "<group>"; };
		505B8C5E181E3B4D0072EB1B /* ExampleAppTests.m */ = {isa = PBXFileReference; lastKnownFileType = sourcecode.c.objc; path = ExampleAppTests.m; sourceTree = "<group>"; };
/* End PBXFileReference section */

/* Begin PBXFrameworksBuildPhase section */
		505B8C33181E3B4D0072EB1B /* Frameworks */ = {
			isa = PBXFrameworksBuildPhase;
			buildActionMask = 2147483647;
			files = (
				505B8C3C181E3B4D0072EB1B /* CoreGraphics.framework in Frameworks */,
				505B8C3E181E3B4D0072EB1B /* UIKit.framework in Frameworks */,
				505B8C3A181E3B4D0072EB1B /* Foundation.framework in Frameworks */,
			);
			runOnlyForDeploymentPostprocessing = 0;
		};
		505B8C4E181E3B4D0072EB1B /* Frameworks */ = {
			isa = PBXFrameworksBuildPhase;
			buildActionMask = 2147483647;
			files = (
				505B8C53181E3B4D0072EB1B /* XCTest.framework in Frameworks */,
				505B8C55181E3B4D0072EB1B /* UIKit.framework in Frameworks */,
				505B8C54181E3B4D0072EB1B /* Foundation.framework in Frameworks */,
			);
			runOnlyForDeploymentPostprocessing = 0;
		};
/* End PBXFrameworksBuildPhase section */

/* Begin PBXGroup section */
		505B8C2D181E3B4D0072EB1B = {
			isa = PBXGroup;
			children = (
				505B8C3F181E3B4D0072EB1B /* ExampleApp */,
				505B8C58181E3B4D0072EB1B /* ExampleAppTests */,
				505B8C38181E3B4D0072EB1B /* Frameworks */,
				505B8C37181E3B4D0072EB1B /* Products */,
			);
			sourceTree = "<group>";
		};
		505B8C37181E3B4D0072EB1B /* Products */ = {
			isa = PBXGroup;
			children = (
				505B8C36181E3B4D0072EB1B /* ExampleApp.app */,
				505B8C51181E3B4D0072EB1B /* ExampleAppTests.xctest */,
			);
			name = Products;
			sourceTree = "<group>";
		};
		505B8C38181E3B4D0072EB1B /* Frameworks */ = {
			isa = PBXGroup;
			children = (
				505B8C39181E3B4D0072EB1B /* Foundation.framework */,
				505B8C3B181E3B4D0072EB1B /* CoreGraphics.framework */,
				505B8C3D181E3B4D0072EB1B /* UIKit.framework */,
				505B8C52181E3B4D0072EB1B /* XCTest.framework */,
			);
			name = Frameworks;
			sourceTree = "<group>";
		};
		505B8C3F181E3B4D0072EB1B /* ExampleApp */ = {
			isa = PBXGroup;
			children = (
				505B8C48181E3B4D0072EB1B /* AppDelegate.h */,
				505B8C49181E3B4D0072EB1B /* AppDelegate.m */,
				505B8C4B181E3B4D0072EB1B /* Images.xcassets */,
				505B8C40181E3B4D0072EB1B /* Supporting Files */,
			);
			path = ExampleApp;
			sourceTree = "<group>";
		};
		505B8C40181E3B4D0072EB1B /* Supporting Files */ = {
			isa = PBXGroup;
			children = (
				505B8C41181E3B4D0072EB1B /* ExampleApp-Info.plist */,
				505B8C42181E3B4D0072EB1B /* InfoPlist.strings */,
				505B8C45181E3B4D0072EB1B /* main.m */,
				505B8C47181E3B4D0072EB1B /* ExampleApp-Prefix.pch */,
			);
			name = "Supporting Files";
			sourceTree = "<group>";
		};
		505B8C58181E3B4D0072EB1B /* ExampleAppTests */ = {
			isa = PBXGroup;
			children = (
				505B8C5E181E3B4D0072EB1B /* ExampleAppTests.m */,
				505B8C59181E3B4D0072EB1B /* Supporting Files */,
			);
			path = ExampleAppTests;
			sourceTree = "<group>";
		};
		505B8C59181E3B4D0072EB1B /* Supporting Files */ = {
			isa = PBXGroup;
			children = (
				505B8C5A181E3B4D0072EB1B /* ExampleAppTests-Info.plist */,
				505B8C5B181E3B4D0072EB1B /* InfoPlist.strings */,
			);
			name = "Supporting Files";
			sourceTree = "<group>";
		};
/* End PBXGroup section */

/* Begin PBXNativeTarget section */
		505B8C35181E3B4D0072EB1B /* ExampleApp */ = {
			isa = PBXNativeTarget;
			buildConfigurationList = 505B8C62181E3B4D0072EB1B /* Build configuration list for PBXNativeTarget "ExampleApp" */;
			buildPhases = (
				505B8C32181E3B4D0072EB1B /* Sources */,
				505B8C33181E3B4D0072EB1B /* Frameworks */,
				505B8C34181E3B4D0072EB1B /* Resources */,
			);
			buildRules = (
			);
			dependencies = (
			);
			name = ExampleApp;
			productName = ExampleApp;
			productReference = 505B8C36181E3B4D0072EB1B /* ExampleApp.app */;
			productType = "com.apple.product-type.application";
		};
		505B8C50181E3B4D0072EB1B /* ExampleAppTests */ = {
			isa = PBXNativeTarget;
			buildConfigurationList = 505B8C65181E3B4D0072EB1B /* Build configuration list for PBXNativeTarget "ExampleAppTests" */;
			buildPhases = (
				505B8C4D181E3B4D0072EB1B /* Sources */,
				505B8C4E181E3B4D0072EB1B /* Frameworks */,
				505B8C4F181E3B4D0072EB1B /* Resources */,
			);
			buildRules = (
			);
			dependencies = (
				505B8C57181E3B4D0072EB1B /* PBXTargetDependency */,
			);
			name = ExampleAppTests;
			productName = ExampleAppTests;
			productReference = 505B8C51181E3B4D0072EB1B /* ExampleAppTests.xctest */;
			productType = "com.apple.product-type.bundle.unit-test";
		};
/* End PBXNativeTarget section */

/* Begin PBXProject section */
		505B8C2E181E3B4D0072EB1B /* Project object */ = {
			isa = PBXProject;
			attributes = {
				LastUpgradeCheck = 0500;
				ORGANIZATIONNAME = "Victor Ilyukevich";
				TargetAttributes = {
					505B8C50181E3B4D0072EB1B = {
						TestTargetID = 505B8C35181E3B4D0072EB1B;
					};
				};
			};
			buildConfigurationList = 505B8C31181E3B4D0072EB1B /* Build configuration list for PBXProject "ExampleApp" */;
			compatibilityVersion = "Xcode 3.2";
			developmentRegion = English;
			hasScannedForEncodings = 0;
			knownRegions = (
				en,
			);
			mainGroup = 505B8C2D181E3B4D0072EB1B;
			productRefGroup = 505B8C37181E3B4D0072EB1B /* Products */;
			projectDirPath = "";
			projectRoot = "";
			targets = (
				505B8C35181E3B4D0072EB1B /* ExampleApp */,
				505B8C50181E3B4D0072EB1B /* ExampleAppTests */,
			);
		};
/* End PBXProject section */

/* Begin PBXResourcesBuildPhase section */
		505B8C34181E3B4D0072EB1B /* Resources */ = {
			isa = PBXResourcesBuildPhase;
			buildActionMask = 2147483647;
			files = (
				505B8C44181E3B4D0072EB1B /* InfoPlist.strings in Resources */,
				505B8C4C181E3B4D0072EB1B /* Images.xcassets in Resources */,
			);
			runOnlyForDeploymentPostprocessing = 0;
		};
		505B8C4F181E3B4D0072EB1B /* Resources */ = {
			isa = PBXResourcesBuildPhase;
			buildActionMask = 2147483647;
			files = (
				505B8C5D181E3B4D0072EB1B /* InfoPlist.strings in Resources */,
			);
			runOnlyForDeploymentPostprocessing = 0;
		};
/* End PBXResourcesBuildPhase section */

/* Begin PBXSourcesBuildPhase section */
		505B8C32181E3B4D0072EB1B /* Sources */ = {
			isa = PBXSourcesBuildPhase;
			buildActionMask = 2147483647;
			files = (
				505B8C4A181E3B4D0072EB1B /* AppDelegate.m in Sources */,
				505B8C46181E3B4D0072EB1B /* main.m in Sources */,
			);
			runOnlyForDeploymentPostprocessing = 0;
		};
		505B8C4D181E3B4D0072EB1B /* Sources */ = {
			isa = PBXSourcesBuildPhase;
			buildActionMask = 2147483647;
			files = (
				505B8C5F181E3B4D0072EB1B /* ExampleAppTests.m in Sources */,
			);
			runOnlyForDeploymentPostprocessing = 0;
		};
/* End PBXSourcesBuildPhase section */

/* Begin PBXTargetDependency section */
		505B8C57181E3B4D0072EB1B /* PBXTargetDependency */ = {
			isa = PBXTargetDependency;
			target = 505B8C35181E3B4D0072EB1B /* ExampleApp */;
			targetProxy = 505B8C56181E3B4D0072EB1B /* PBXContainerItemProxy */;
		};
/* End PBXTargetDependency section */

/* Begin PBXVariantGroup section */
		505B8C42181E3B4D0072EB1B /* InfoPlist.strings */ = {
			isa = PBXVariantGroup;
			children = (
				505B8C43181E3B4D0072EB1B /* en */,
			);
			name = InfoPlist.strings;
			sourceTree = "<group>";
		};
		505B8C5B181E3B4D0072EB1B /* InfoPlist.strings */ = {
			isa = PBXVariantGroup;
			children = (
				505B8C5C181E3B4D0072EB1B /* en */,
			);
			name = InfoPlist.strings;
			sourceTree = "<group>";
		};
/* End PBXVariantGroup section */

/* Begin XCBuildConfiguration section */
		505B8C60181E3B4D0072EB1B /* Debug */ = {
			isa = XCBuildConfiguration;
			buildSettings = {
				ALWAYS_SEARCH_USER_PATHS = NO;
				ARCHS = "$(ARCHS_STANDARD_INCLUDING_64_BIT)";
				CLANG_CXX_LANGUAGE_STANDARD = "gnu++0x";
				CLANG_CXX_LIBRARY = "libc++";
				CLANG_ENABLE_MODULES = YES;
				CLANG_ENABLE_OBJC_ARC = YES;
				CLANG_WARN_BOOL_CONVERSION = YES;
				CLANG_WARN_CONSTANT_CONVERSION = YES;
				CLANG_WARN_DIRECT_OBJC_ISA_USAGE = YES_ERROR;
				CLANG_WARN_EMPTY_BODY = YES;
				CLANG_WARN_ENUM_CONVERSION = YES;
				CLANG_WARN_INT_CONVERSION = YES;
				CLANG_WARN_OBJC_ROOT_CLASS = YES_ERROR;
				CLANG_WARN__DUPLICATE_METHOD_MATCH = YES;
				"CODE_SIGN_IDENTITY[sdk=iphoneos*]" = "iPhone Developer";
				COPY_PHASE_STRIP = NO;
				GCC_C_LANGUAGE_STANDARD = gnu99;
				GCC_DYNAMIC_NO_PIC = NO;
				GCC_OPTIMIZATION_LEVEL = 0;
				GCC_PREPROCESSOR_DEFINITIONS = (
					"DEBUG=1",
					"$(inherited)",
				);
				GCC_SYMBOLS_PRIVATE_EXTERN = NO;
				GCC_WARN_64_TO_32_BIT_CONVERSION = YES;
				GCC_WARN_ABOUT_RETURN_TYPE = YES_ERROR;
				GCC_WARN_UNDECLARED_SELECTOR = YES;
				GCC_WARN_UNINITIALIZED_AUTOS = YES;
				GCC_WARN_UNUSED_FUNCTION = YES;
				GCC_WARN_UNUSED_VARIABLE = YES;
				IPHONEOS_DEPLOYMENT_TARGET = 7.0;
				ONLY_ACTIVE_ARCH = YES;
				SDKROOT = iphoneos;
				TARGETED_DEVICE_FAMILY = "1,2";
			};
			name = Debug;
		};
		505B8C61181E3B4D0072EB1B /* Release */ = {
			isa = XCBuildConfiguration;
			buildSettings = {
				ALWAYS_SEARCH_USER_PATHS = NO;
				ARCHS = "$(ARCHS_STANDARD_INCLUDING_64_BIT)";
				CLANG_CXX_LANGUAGE_STANDARD = "gnu++0x";
				CLANG_CXX_LIBRARY = "libc++";
				CLANG_ENABLE_MODULES = YES;
				CLANG_ENABLE_OBJC_ARC = YES;
				CLANG_WARN_BOOL_CONVERSION = YES;
				CLANG_WARN_CONSTANT_CONVERSION = YES;
				CLANG_WARN_DIRECT_OBJC_ISA_USAGE = YES_ERROR;
				CLANG_WARN_EMPTY_BODY = YES;
				CLANG_WARN_ENUM_CONVERSION = YES;
				CLANG_WARN_INT_CONVERSION = YES;
				CLANG_WARN_OBJC_ROOT_CLASS = YES_ERROR;
				CLANG_WARN__DUPLICATE_METHOD_MATCH = YES;
				"CODE_SIGN_IDENTITY[sdk=iphoneos*]" = "iPhone Developer";
				COPY_PHASE_STRIP = YES;
				ENABLE_NS_ASSERTIONS = NO;
				GCC_C_LANGUAGE_STANDARD = gnu99;
				GCC_WARN_64_TO_32_BIT_CONVERSION = YES;
				GCC_WARN_ABOUT_RETURN_TYPE = YES_ERROR;
				GCC_WARN_UNDECLARED_SELECTOR = YES;
				GCC_WARN_UNINITIALIZED_AUTOS = YES;
				GCC_WARN_UNUSED_FUNCTION = YES;
				GCC_WARN_UNUSED_VARIABLE = YES;
				IPHONEOS_DEPLOYMENT_TARGET = 7.0;
				SDKROOT = iphoneos;
				TARGETED_DEVICE_FAMILY = "1,2";
				VALIDATE_PRODUCT = YES;
			};
			name = Release;
		};
		505B8C63181E3B4D0072EB1B /* Debug */ = {
			isa = XCBuildConfiguration;
			buildSettings = {
				ASSETCATALOG_COMPILER_APPICON_NAME = AppIcon;
				ASSETCATALOG_COMPILER_LAUNCHIMAGE_NAME = LaunchImage;
				GCC_PRECOMPILE_PREFIX_HEADER = YES;
				GCC_PREFIX_HEADER = "ExampleApp/ExampleApp-Prefix.pch";
				INFOPLIST_FILE = "ExampleApp/ExampleApp-Info.plist";
				PRODUCT_NAME = "$(TARGET_NAME)";
				WRAPPER_EXTENSION = app;
			};
			name = Debug;
		};
		505B8C64181E3B4D0072EB1B /* Release */ = {
			isa = XCBuildConfiguration;
			buildSettings = {
				ASSETCATALOG_COMPILER_APPICON_NAME = AppIcon;
				ASSETCATALOG_COMPILER_LAUNCHIMAGE_NAME = LaunchImage;
				GCC_PRECOMPILE_PREFIX_HEADER = YES;
				GCC_PREFIX_HEADER = "ExampleApp/ExampleApp-Prefix.pch";
				INFOPLIST_FILE = "ExampleApp/ExampleApp-Info.plist";
				PRODUCT_NAME = "$(TARGET_NAME)";
				WRAPPER_EXTENSION = app;
			};
			name = Release;
		};
		505B8C66181E3B4D0072EB1B /* Debug */ = {
			isa = XCBuildConfiguration;
			buildSettings = {
				ARCHS = "$(ARCHS_STANDARD_INCLUDING_64_BIT)";
				BUNDLE_LOADER = "$(BUILT_PRODUCTS_DIR)/ExampleApp.app/ExampleApp";
				FRAMEWORK_SEARCH_PATHS = (
					"$(SDKROOT)/Developer/Library/Frameworks",
					"$(inherited)",
					"$(DEVELOPER_FRAMEWORKS_DIR)",
				);
				GCC_PRECOMPILE_PREFIX_HEADER = YES;
				GCC_PREFIX_HEADER = "ExampleApp/ExampleApp-Prefix.pch";
				GCC_PREPROCESSOR_DEFINITIONS = (
					"DEBUG=1",
					"$(inherited)",
				);
				INFOPLIST_FILE = "ExampleAppTests/ExampleAppTests-Info.plist";
				PRODUCT_NAME = "$(TARGET_NAME)";
				TEST_HOST = "$(BUNDLE_LOADER)";
				WRAPPER_EXTENSION = xctest;
			};
			name = Debug;
		};
		505B8C67181E3B4D0072EB1B /* Release */ = {
			isa = XCBuildConfiguration;
			buildSettings = {
				ARCHS = "$(ARCHS_STANDARD_INCLUDING_64_BIT)";
				BUNDLE_LOADER = "$(BUILT_PRODUCTS_DIR)/ExampleApp.app/ExampleApp";
				FRAMEWORK_SEARCH_PATHS = (
					"$(SDKROOT)/Developer/Library/Frameworks",
					"$(inherited)",
					"$(DEVELOPER_FRAMEWORKS_DIR)",
				);
				GCC_PRECOMPILE_PREFIX_HEADER = YES;
				GCC_PREFIX_HEADER = "ExampleApp/ExampleApp-Prefix.pch";
				INFOPLIST_FILE = "ExampleAppTests/ExampleAppTests-Info.plist";
				PRODUCT_NAME = "$(TARGET_NAME)";
				TEST_HOST = "$(BUNDLE_LOADER)";
				WRAPPER_EXTENSION = xctest;
			};
			name = Release;
		};
/* End XCBuildConfiguration section */

/* Begin XCConfigurationList section */
		505B8C31181E3B4D0072EB1B /* Build configuration list for PBXProject "ExampleApp" */ = {
			isa = XCConfigurationList;
			buildConfigurations = (
				505B8C60181E3B4D0072EB1B /* Debug */,
				505B8C61181E3B4D0072EB1B /* Release */,
			);
			defaultConfigurationIsVisible = 0;
			defaultConfigurationName = Release;
		};
		505B8C62181E3B4D0072EB1B /* Build configuration list for PBXNativeTarget "ExampleApp" */ = {
			isa = XCConfigurationList;
			buildConfigurations = (
				505B8C63181E3B4D0072EB1B /* Debug */,
				505B8C64181E3B4D0072EB1B /* Release */,
			);
			defaultConfigurationIsVisible = 0;
		};
		505B8C65181E3B4D0072EB1B /* Build configuration list for PBXNativeTarget "ExampleAppTests" */ = {
			isa = XCConfigurationList;
			buildConfigurations = (
				505B8C66181E3B4D0072EB1B /* Debug */,
				505B8C67181E3B4D0072EB1B /* Release */,
			);
			defaultConfigurationIsVisible = 0;
		};
/* End XCConfigurationList section */
	};
	rootObject = 505B8C2E181E3B4D0072EB1B /* Project object */;
}
