// !$*UTF8*$!
{
	archiveVersion = 1;
	classes = {
	};
	objectVersion = 46;
	objects = {

/* Begin PBXBuildFile section */
		501DF3781B9140ED00114690 /* main.m in Sources */ = {isa = PBXBuildFile; fileRef = 501DF3771B9140ED00114690 /* main.m */; };
		501DF37B1B9140ED00114690 /* AppDelegate.m in Sources */ = {isa = PBXBuildFile; fileRef = 501DF37A1B9140ED00114690 /* AppDelegate.m */; };
		501DF37E1B9140ED00114690 /* ViewController.m in Sources */ = {isa = PBXBuildFile; fileRef = 501DF37D1B9140ED00114690 /* ViewController.m */; };
		501DF3811B9140ED00114690 /* Main.storyboard in Resources */ = {isa = PBXBuildFile; fileRef = 501DF37F1B9140ED00114690 /* Main.storyboard */; };
		501DF3831B9140ED00114690 /* Images.xcassets in Resources */ = {isa = PBXBuildFile; fileRef = 501DF3821B9140ED00114690 /* Images.xcassets */; };
		501DF3861B9140ED00114690 /* LaunchScreen.xib in Resources */ = {isa = PBXBuildFile; fileRef = 501DF3841B9140ED00114690 /* LaunchScreen.xib */; };
		501DF3921B9140ED00114690 /* MixpanelNotificationsOnTopOfAlertTests.m in Sources */ = {isa = PBXBuildFile; fileRef = 501DF3911B9140ED00114690 /* MixpanelNotificationsOnTopOfAlertTests.m */; };
		501DF39E1B9141A600114690 /* MixpanelNotificationViewController.m in Sources */ = {isa = PBXBuildFile; fileRef = 501DF39C1B9141A600114690 /* MixpanelNotificationViewController.m */; };
		501DF39F1B9141A600114690 /* MixpanelNotificationViewController.xib in Resources */ = {isa = PBXBuildFile; fileRef = 501DF39D1B9141A600114690 /* MixpanelNotificationViewController.xib */; };
/* End PBXBuildFile section */

/* Begin PBXContainerItemProxy section */
		501DF38C1B9140ED00114690 /* PBXContainerItemProxy */ = {
			isa = PBXContainerItemProxy;
			containerPortal = 501DF36A1B9140ED00114690 /* Project object */;
			proxyType = 1;
			remoteGlobalIDString = 501DF3711B9140ED00114690;
			remoteInfo = MixpanelNotificationsOnTopOfAlert;
		};
/* End PBXContainerItemProxy section */

/* Begin PBXFileReference section */
		501DF3721B9140ED00114690 /* MixpanelNotificationsOnTopOfAlert.app */ = {isa = PBXFileReference; explicitFileType = wrapper.application; includeInIndex = 0; path = MixpanelNotificationsOnTopOfAlert.app; sourceTree = BUILT_PRODUCTS_DIR; };
		501DF3761B9140ED00114690 /* Info.plist */ = {isa = PBXFileReference; lastKnownFileType = text.plist.xml; path = Info.plist; sourceTree = "<group>"; };
		501DF3771B9140ED00114690 /* main.m */ = {isa = PBXFileReference; lastKnownFileType = sourcecode.c.objc; path = main.m; sourceTree = "<group>"; };
		501DF3791B9140ED00114690 /* AppDelegate.h */ = {isa = PBXFileReference; lastKnownFileType = sourcecode.c.h; path = AppDelegate.h; sourceTree = "<group>"; };
		501DF37A1B9140ED00114690 /* AppDelegate.m */ = {isa = PBXFileReference; lastKnownFileType = sourcecode.c.objc; path = AppDelegate.m; sourceTree = "<group>"; };
		501DF37C1B9140ED00114690 /* ViewController.h */ = {isa = PBXFileReference; lastKnownFileType = sourcecode.c.h; path = ViewController.h; sourceTree = "<group>"; };
		501DF37D1B9140ED00114690 /* ViewController.m */ = {isa = PBXFileReference; lastKnownFileType = sourcecode.c.objc; path = ViewController.m; sourceTree = "<group>"; };
		501DF3801B9140ED00114690 /* Base */ = {isa = PBXFileReference; lastKnownFileType = file.storyboard; name = Base; path = Base.lproj/Main.storyboard; sourceTree = "<group>"; };
		501DF3821B9140ED00114690 /* Images.xcassets */ = {isa = PBXFileReference; lastKnownFileType = folder.assetcatalog; path = Images.xcassets; sourceTree = "<group>"; };
		501DF3851B9140ED00114690 /* Base */ = {isa = PBXFileReference; lastKnownFileType = file.xib; name = Base; path = Base.lproj/LaunchScreen.xib; sourceTree = "<group>"; };
		501DF38B1B9140ED00114690 /* MixpanelNotificationsOnTopOfAlertTests.xctest */ = {isa = PBXFileReference; explicitFileType = wrapper.cfbundle; includeInIndex = 0; path = MixpanelNotificationsOnTopOfAlertTests.xctest; sourceTree = BUILT_PRODUCTS_DIR; };
		501DF3901B9140ED00114690 /* Info.plist */ = {isa = PBXFileReference; lastKnownFileType = text.plist.xml; path = Info.plist; sourceTree = "<group>"; };
		501DF3911B9140ED00114690 /* MixpanelNotificationsOnTopOfAlertTests.m */ = {isa = PBXFileReference; lastKnownFileType = sourcecode.c.objc; path = MixpanelNotificationsOnTopOfAlertTests.m; sourceTree = "<group>"; };
		501DF39B1B9141A600114690 /* MixpanelNotificationViewController.h */ = {isa = PBXFileReference; fileEncoding = 4; lastKnownFileType = sourcecode.c.h; path = MixpanelNotificationViewController.h; sourceTree = "<group>"; };
		501DF39C1B9141A600114690 /* MixpanelNotificationViewController.m */ = {isa = PBXFileReference; fileEncoding = 4; lastKnownFileType = sourcecode.c.objc; path = MixpanelNotificationViewController.m; sourceTree = "<group>"; };
		501DF39D1B9141A600114690 /* MixpanelNotificationViewController.xib */ = {isa = PBXFileReference; fileEncoding = 4; lastKnownFileType = file.xib; path = MixpanelNotificationViewController.xib; sourceTree = "<group>"; };
/* End PBXFileReference section */

/* Begin PBXFrameworksBuildPhase section */
		501DF36F1B9140ED00114690 /* Frameworks */ = {
			isa = PBXFrameworksBuildPhase;
			buildActionMask = 2147483647;
			files = (
			);
			runOnlyForDeploymentPostprocessing = 0;
		};
		501DF3881B9140ED00114690 /* Frameworks */ = {
			isa = PBXFrameworksBuildPhase;
			buildActionMask = 2147483647;
			files = (
			);
			runOnlyForDeploymentPostprocessing = 0;
		};
/* End PBXFrameworksBuildPhase section */

/* Begin PBXGroup section */
		501DF3691B9140ED00114690 = {
			isa = PBXGroup;
			children = (
				501DF3741B9140ED00114690 /* MixpanelNotificationsOnTopOfAlert */,
				501DF38E1B9140ED00114690 /* MixpanelNotificationsOnTopOfAlertTests */,
				501DF3731B9140ED00114690 /* Products */,
			);
			sourceTree = "<group>";
		};
		501DF3731B9140ED00114690 /* Products */ = {
			isa = PBXGroup;
			children = (
				501DF3721B9140ED00114690 /* MixpanelNotificationsOnTopOfAlert.app */,
				501DF38B1B9140ED00114690 /* MixpanelNotificationsOnTopOfAlertTests.xctest */,
			);
			name = Products;
			sourceTree = "<group>";
		};
		501DF3741B9140ED00114690 /* MixpanelNotificationsOnTopOfAlert */ = {
			isa = PBXGroup;
			children = (
				501DF3791B9140ED00114690 /* AppDelegate.h */,
				501DF37A1B9140ED00114690 /* AppDelegate.m */,
				501DF3821B9140ED00114690 /* Images.xcassets */,
				501DF3841B9140ED00114690 /* LaunchScreen.xib */,
				501DF37F1B9140ED00114690 /* Main.storyboard */,
				501DF39B1B9141A600114690 /* MixpanelNotificationViewController.h */,
				501DF39C1B9141A600114690 /* MixpanelNotificationViewController.m */,
				501DF39D1B9141A600114690 /* MixpanelNotificationViewController.xib */,
				501DF3751B9140ED00114690 /* Supporting Files */,
				501DF37C1B9140ED00114690 /* ViewController.h */,
				501DF37D1B9140ED00114690 /* ViewController.m */,
			);
			path = MixpanelNotificationsOnTopOfAlert;
			sourceTree = "<group>";
		};
		501DF3751B9140ED00114690 /* Supporting Files */ = {
			isa = PBXGroup;
			children = (
				501DF3761B9140ED00114690 /* Info.plist */,
				501DF3771B9140ED00114690 /* main.m */,
			);
			name = "Supporting Files";
			sourceTree = "<group>";
		};
		501DF38E1B9140ED00114690 /* MixpanelNotificationsOnTopOfAlertTests */ = {
			isa = PBXGroup;
			children = (
				501DF3911B9140ED00114690 /* MixpanelNotificationsOnTopOfAlertTests.m */,
				501DF38F1B9140ED00114690 /* Supporting Files */,
			);
			path = MixpanelNotificationsOnTopOfAlertTests;
			sourceTree = "<group>";
		};
		501DF38F1B9140ED00114690 /* Supporting Files */ = {
			isa = PBXGroup;
			children = (
				501DF3901B9140ED00114690 /* Info.plist */,
			);
			name = "Supporting Files";
			sourceTree = "<group>";
		};
/* End PBXGroup section */

/* Begin PBXNativeTarget section */
		501DF3711B9140ED00114690 /* MixpanelNotificationsOnTopOfAlert */ = {
			isa = PBXNativeTarget;
			buildConfigurationList = 501DF3951B9140ED00114690 /* Build configuration list for PBXNativeTarget "MixpanelNotificationsOnTopOfAlert" */;
			buildPhases = (
				501DF36E1B9140ED00114690 /* Sources */,
				501DF36F1B9140ED00114690 /* Frameworks */,
				501DF3701B9140ED00114690 /* Resources */,
			);
			buildRules = (
			);
			dependencies = (
			);
			name = MixpanelNotificationsOnTopOfAlert;
			productName = MixpanelNotificationsOnTopOfAlert;
			productReference = 501DF3721B9140ED00114690 /* MixpanelNotificationsOnTopOfAlert.app */;
			productType = "com.apple.product-type.application";
		};
		501DF38A1B9140ED00114690 /* MixpanelNotificationsOnTopOfAlertTests */ = {
			isa = PBXNativeTarget;
			buildConfigurationList = 501DF3981B9140ED00114690 /* Build configuration list for PBXNativeTarget "MixpanelNotificationsOnTopOfAlertTests" */;
			buildPhases = (
				501DF3871B9140ED00114690 /* Sources */,
				501DF3881B9140ED00114690 /* Frameworks */,
				501DF3891B9140ED00114690 /* Resources */,
			);
			buildRules = (
			);
			dependencies = (
				501DF38D1B9140ED00114690 /* PBXTargetDependency */,
			);
			name = MixpanelNotificationsOnTopOfAlertTests;
			productName = MixpanelNotificationsOnTopOfAlertTests;
			productReference = 501DF38B1B9140ED00114690 /* MixpanelNotificationsOnTopOfAlertTests.xctest */;
			productType = "com.apple.product-type.bundle.unit-test";
		};
/* End PBXNativeTarget section */

/* Begin PBXProject section */
		501DF36A1B9140ED00114690 /* Project object */ = {
			isa = PBXProject;
			attributes = {
				LastUpgradeCheck = 0640;
				ORGANIZATIONNAME = "Victor Ilyukevich";
				TargetAttributes = {
					501DF3711B9140ED00114690 = {
						CreatedOnToolsVersion = 6.4;
					};
					501DF38A1B9140ED00114690 = {
						CreatedOnToolsVersion = 6.4;
						TestTargetID = 501DF3711B9140ED00114690;
					};
				};
			};
			buildConfigurationList = 501DF36D1B9140ED00114690 /* Build configuration list for PBXProject "MixpanelNotificationsOnTopOfAlert" */;
			compatibilityVersion = "Xcode 3.2";
			developmentRegion = English;
			hasScannedForEncodings = 0;
			knownRegions = (
				en,
				Base,
			);
			mainGroup = 501DF3691B9140ED00114690;
			productRefGroup = 501DF3731B9140ED00114690 /* Products */;
			projectDirPath = "";
			projectRoot = "";
			targets = (
				501DF3711B9140ED00114690 /* MixpanelNotificationsOnTopOfAlert */,
				501DF38A1B9140ED00114690 /* MixpanelNotificationsOnTopOfAlertTests */,
			);
		};
/* End PBXProject section */

/* Begin PBXResourcesBuildPhase section */
		501DF3701B9140ED00114690 /* Resources */ = {
			isa = PBXResourcesBuildPhase;
			buildActionMask = 2147483647;
			files = (
				501DF3811B9140ED00114690 /* Main.storyboard in Resources */,
				501DF3861B9140ED00114690 /* LaunchScreen.xib in Resources */,
				501DF3831B9140ED00114690 /* Images.xcassets in Resources */,
				501DF39F1B9141A600114690 /* MixpanelNotificationViewController.xib in Resources */,
			);
			runOnlyForDeploymentPostprocessing = 0;
		};
		501DF3891B9140ED00114690 /* Resources */ = {
			isa = PBXResourcesBuildPhase;
			buildActionMask = 2147483647;
			files = (
			);
			runOnlyForDeploymentPostprocessing = 0;
		};
/* End PBXResourcesBuildPhase section */

/* Begin PBXSourcesBuildPhase section */
		501DF36E1B9140ED00114690 /* Sources */ = {
			isa = PBXSourcesBuildPhase;
			buildActionMask = 2147483647;
			files = (
				501DF37E1B9140ED00114690 /* ViewController.m in Sources */,
				501DF37B1B9140ED00114690 /* AppDelegate.m in Sources */,
				501DF3781B9140ED00114690 /* main.m in Sources */,
				501DF39E1B9141A600114690 /* MixpanelNotificationViewController.m in Sources */,
			);
			runOnlyForDeploymentPostprocessing = 0;
		};
		501DF3871B9140ED00114690 /* Sources */ = {
			isa = PBXSourcesBuildPhase;
			buildActionMask = 2147483647;
			files = (
				501DF3921B9140ED00114690 /* MixpanelNotificationsOnTopOfAlertTests.m in Sources */,
			);
			runOnlyForDeploymentPostprocessing = 0;
		};
/* End PBXSourcesBuildPhase section */

/* Begin PBXTargetDependency section */
		501DF38D1B9140ED00114690 /* PBXTargetDependency */ = {
			isa = PBXTargetDependency;
			target = 501DF3711B9140ED00114690 /* MixpanelNotificationsOnTopOfAlert */;
			targetProxy = 501DF38C1B9140ED00114690 /* PBXContainerItemProxy */;
		};
/* End PBXTargetDependency section */

/* Begin PBXVariantGroup section */
		501DF37F1B9140ED00114690 /* Main.storyboard */ = {
			isa = PBXVariantGroup;
			children = (
				501DF3801B9140ED00114690 /* Base */,
			);
			name = Main.storyboard;
			sourceTree = "<group>";
		};
		501DF3841B9140ED00114690 /* LaunchScreen.xib */ = {
			isa = PBXVariantGroup;
			children = (
				501DF3851B9140ED00114690 /* Base */,
			);
			name = LaunchScreen.xib;
			sourceTree = "<group>";
		};
/* End PBXVariantGroup section */

/* Begin XCBuildConfiguration section */
		501DF3931B9140ED00114690 /* Debug */ = {
			isa = XCBuildConfiguration;
			buildSettings = {
				ALWAYS_SEARCH_USER_PATHS = NO;
				CLANG_CXX_LANGUAGE_STANDARD = "gnu++0x";
				CLANG_CXX_LIBRARY = "libc++";
				CLANG_ENABLE_MODULES = YES;
				CLANG_ENABLE_OBJC_ARC = YES;
				CLANG_WARN_BOOL_CONVERSION = YES;
				CLANG_WARN_CONSTANT_CONVERSION = YES;
				CLANG_WARN_DIRECT_OBJC_ISA_USAGE = YES_ERROR;
				CLANG_WARN_EMPTY_BODY = YES;
				CLANG_WARN_ENUM_CONVERSION = YES;
				CLANG_WARN_INT_CONVERSION = YES;
				CLANG_WARN_OBJC_ROOT_CLASS = YES_ERROR;
				CLANG_WARN_UNREACHABLE_CODE = YES;
				CLANG_WARN__DUPLICATE_METHOD_MATCH = YES;
				"CODE_SIGN_IDENTITY[sdk=iphoneos*]" = "iPhone Developer";
				COPY_PHASE_STRIP = NO;
				DEBUG_INFORMATION_FORMAT = "dwarf-with-dsym";
				ENABLE_STRICT_OBJC_MSGSEND = YES;
				GCC_C_LANGUAGE_STANDARD = gnu99;
				GCC_DYNAMIC_NO_PIC = NO;
				GCC_NO_COMMON_BLOCKS = YES;
				GCC_OPTIMIZATION_LEVEL = 0;
				GCC_PREPROCESSOR_DEFINITIONS = (
					"DEBUG=1",
					"$(inherited)",
				);
				GCC_SYMBOLS_PRIVATE_EXTERN = NO;
				GCC_WARN_64_TO_32_BIT_CONVERSION = YES;
				GCC_WARN_ABOUT_RETURN_TYPE = YES_ERROR;
				GCC_WARN_UNDECLARED_SELECTOR = YES;
				GCC_WARN_UNINITIALIZED_AUTOS = YES_AGGRESSIVE;
				GCC_WARN_UNUSED_FUNCTION = YES;
				GCC_WARN_UNUSED_VARIABLE = YES;
				IPHONEOS_DEPLOYMENT_TARGET = 8.4;
				MTL_ENABLE_DEBUG_INFO = YES;
				ONLY_ACTIVE_ARCH = YES;
				SDKROOT = iphoneos;
				TARGETED_DEVICE_FAMILY = "1,2";
			};
			name = Debug;
		};
		501DF3941B9140ED00114690 /* Release */ = {
			isa = XCBuildConfiguration;
			buildSettings = {
				ALWAYS_SEARCH_USER_PATHS = NO;
				CLANG_CXX_LANGUAGE_STANDARD = "gnu++0x";
				CLANG_CXX_LIBRARY = "libc++";
				CLANG_ENABLE_MODULES = YES;
				CLANG_ENABLE_OBJC_ARC = YES;
				CLANG_WARN_BOOL_CONVERSION = YES;
				CLANG_WARN_CONSTANT_CONVERSION = YES;
				CLANG_WARN_DIRECT_OBJC_ISA_USAGE = YES_ERROR;
				CLANG_WARN_EMPTY_BODY = YES;
				CLANG_WARN_ENUM_CONVERSION = YES;
				CLANG_WARN_INT_CONVERSION = YES;
				CLANG_WARN_OBJC_ROOT_CLASS = YES_ERROR;
				CLANG_WARN_UNREACHABLE_CODE = YES;
				CLANG_WARN__DUPLICATE_METHOD_MATCH = YES;
				"CODE_SIGN_IDENTITY[sdk=iphoneos*]" = "iPhone Developer";
				COPY_PHASE_STRIP = NO;
				DEBUG_INFORMATION_FORMAT = "dwarf-with-dsym";
				ENABLE_NS_ASSERTIONS = NO;
				ENABLE_STRICT_OBJC_MSGSEND = YES;
				GCC_C_LANGUAGE_STANDARD = gnu99;
				GCC_NO_COMMON_BLOCKS = YES;
				GCC_WARN_64_TO_32_BIT_CONVERSION = YES;
				GCC_WARN_ABOUT_RETURN_TYPE = YES_ERROR;
				GCC_WARN_UNDECLARED_SELECTOR = YES;
				GCC_WARN_UNINITIALIZED_AUTOS = YES_AGGRESSIVE;
				GCC_WARN_UNUSED_FUNCTION = YES;
				GCC_WARN_UNUSED_VARIABLE = YES;
				IPHONEOS_DEPLOYMENT_TARGET = 8.4;
				MTL_ENABLE_DEBUG_INFO = NO;
				SDKROOT = iphoneos;
				TARGETED_DEVICE_FAMILY = "1,2";
				VALIDATE_PRODUCT = YES;
			};
			name = Release;
		};
		501DF3961B9140ED00114690 /* Debug */ = {
			isa = XCBuildConfiguration;
			buildSettings = {
				ASSETCATALOG_COMPILER_APPICON_NAME = AppIcon;
				INFOPLIST_FILE = MixpanelNotificationsOnTopOfAlert/Info.plist;
				LD_RUNPATH_SEARCH_PATHS = "$(inherited) @executable_path/Frameworks";
				PRODUCT_NAME = "$(TARGET_NAME)";
			};
			name = Debug;
		};
		501DF3971B9140ED00114690 /* Release */ = {
			isa = XCBuildConfiguration;
			buildSettings = {
				ASSETCATALOG_COMPILER_APPICON_NAME = AppIcon;
				INFOPLIST_FILE = MixpanelNotificationsOnTopOfAlert/Info.plist;
				LD_RUNPATH_SEARCH_PATHS = "$(inherited) @executable_path/Frameworks";
				PRODUCT_NAME = "$(TARGET_NAME)";
			};
			name = Release;
		};
		501DF3991B9140ED00114690 /* Debug */ = {
			isa = XCBuildConfiguration;
			buildSettings = {
				BUNDLE_LOADER = "$(TEST_HOST)";
				FRAMEWORK_SEARCH_PATHS = (
					"$(SDKROOT)/Developer/Library/Frameworks",
					"$(inherited)",
				);
				GCC_PREPROCESSOR_DEFINITIONS = (
					"DEBUG=1",
					"$(inherited)",
				);
				INFOPLIST_FILE = MixpanelNotificationsOnTopOfAlertTests/Info.plist;
				LD_RUNPATH_SEARCH_PATHS = "$(inherited) @executable_path/Frameworks @loader_path/Frameworks";
				PRODUCT_NAME = "$(TARGET_NAME)";
				TEST_HOST = "$(BUILT_PRODUCTS_DIR)/MixpanelNotificationsOnTopOfAlert.app/MixpanelNotificationsOnTopOfAlert";
			};
			name = Debug;
		};
		501DF39A1B9140ED00114690 /* Release */ = {
			isa = XCBuildConfiguration;
			buildSettings = {
				BUNDLE_LOADER = "$(TEST_HOST)";
				FRAMEWORK_SEARCH_PATHS = (
					"$(SDKROOT)/Developer/Library/Frameworks",
					"$(inherited)",
				);
				INFOPLIST_FILE = MixpanelNotificationsOnTopOfAlertTests/Info.plist;
				LD_RUNPATH_SEARCH_PATHS = "$(inherited) @executable_path/Frameworks @loader_path/Frameworks";
				PRODUCT_NAME = "$(TARGET_NAME)";
				TEST_HOST = "$(BUILT_PRODUCTS_DIR)/MixpanelNotificationsOnTopOfAlert.app/MixpanelNotificationsOnTopOfAlert";
			};
			name = Release;
		};
/* End XCBuildConfiguration section */

/* Begin XCConfigurationList section */
		501DF36D1B9140ED00114690 /* Build configuration list for PBXProject "MixpanelNotificationsOnTopOfAlert" */ = {
			isa = XCConfigurationList;
			buildConfigurations = (
				501DF3931B9140ED00114690 /* Debug */,
				501DF3941B9140ED00114690 /* Release */,
			);
			defaultConfigurationIsVisible = 0;
			defaultConfigurationName = Release;
		};
		501DF3951B9140ED00114690 /* Build configuration list for PBXNativeTarget "MixpanelNotificationsOnTopOfAlert" */ = {
			isa = XCConfigurationList;
			buildConfigurations = (
				501DF3961B9140ED00114690 /* Debug */,
				501DF3971B9140ED00114690 /* Release */,
			);
			defaultConfigurationIsVisible = 0;
		};
		501DF3981B9140ED00114690 /* Build configuration list for PBXNativeTarget "MixpanelNotificationsOnTopOfAlertTests" */ = {
			isa = XCConfigurationList;
			buildConfigurations = (
				501DF3991B9140ED00114690 /* Debug */,
				501DF39A1B9140ED00114690 /* Release */,
			);
			defaultConfigurationIsVisible = 0;
		};
/* End XCConfigurationList section */
	};
	rootObject = 501DF36A1B9140ED00114690 /* Project object */;
}
